// !$*UTF8*$!
{
	archiveVersion = 1;
	classes = {
	};
	objectVersion = 46;
	objects = {

/* Begin PBXBuildFile section */
		18038CD01C71FE7900A33F3C /* ANPostCommentsViewController.m in Sources */ = {isa = PBXBuildFile; fileRef = 18038CCF1C71FE7900A33F3C /* ANPostCommentsViewController.m */; };
		18038CD31C72013D00A33F3C /* ANCommentCell.m in Sources */ = {isa = PBXBuildFile; fileRef = 18038CD21C72013D00A33F3C /* ANCommentCell.m */; };
		18038CD61C7208BB00A33F3C /* ANComment.m in Sources */ = {isa = PBXBuildFile; fileRef = 18038CD51C7208BB00A33F3C /* ANComment.m */; };
		1804041E1C662A6000876FFE /* main.m in Sources */ = {isa = PBXBuildFile; fileRef = 1804041D1C662A6000876FFE /* main.m */; };
		180404211C662A6000876FFE /* AppDelegate.m in Sources */ = {isa = PBXBuildFile; fileRef = 180404201C662A6000876FFE /* AppDelegate.m */; };
		180404241C662A6000876FFE /* ViewController.m in Sources */ = {isa = PBXBuildFile; fileRef = 180404231C662A6000876FFE /* ViewController.m */; };
		180404271C662A6000876FFE /* Main.storyboard in Resources */ = {isa = PBXBuildFile; fileRef = 180404251C662A6000876FFE /* Main.storyboard */; };
		180404291C662A6000876FFE /* Assets.xcassets in Resources */ = {isa = PBXBuildFile; fileRef = 180404281C662A6000876FFE /* Assets.xcassets */; };
		1804042C1C662A6000876FFE /* LaunchScreen.storyboard in Resources */ = {isa = PBXBuildFile; fileRef = 1804042A1C662A6000876FFE /* LaunchScreen.storyboard */; };
		180404371C662A6000876FFE /* _6_APIWithTokenHomeworkTests.m in Sources */ = {isa = PBXBuildFile; fileRef = 180404361C662A6000876FFE /* _6_APIWithTokenHomeworkTests.m */; };
		180404421C662A6000876FFE /* _6_APIWithTokenHomeworkUITests.m in Sources */ = {isa = PBXBuildFile; fileRef = 180404411C662A6000876FFE /* _6_APIWithTokenHomeworkUITests.m */; };
		180404891C662DE600876FFE /* ANServerManager.m in Sources */ = {isa = PBXBuildFile; fileRef = 180404881C662DE600876FFE /* ANServerManager.m */; };
		1804048C1C662F2C00876FFE /* ANServerObject.m in Sources */ = {isa = PBXBuildFile; fileRef = 1804048B1C662F2C00876FFE /* ANServerObject.m */; };
		180404901C662F5800876FFE /* ANUser.m in Sources */ = {isa = PBXBuildFile; fileRef = 1804048F1C662F5800876FFE /* ANUser.m */; };
		180404961C66300200876FFE /* ANLoginViewController.m in Sources */ = {isa = PBXBuildFile; fileRef = 180404951C66300200876FFE /* ANLoginViewController.m */; };
		1804049A1C66309100876FFE /* ANAccessToken.m in Sources */ = {isa = PBXBuildFile; fileRef = 180404991C66309100876FFE /* ANAccessToken.m */; };
		1804049D1C6630D000876FFE /* ANPost.m in Sources */ = {isa = PBXBuildFile; fileRef = 1804049C1C6630D000876FFE /* ANPost.m */; };
		181986031C79DD3000CE328C /* ANPhotoCollectionViewCell.m in Sources */ = {isa = PBXBuildFile; fileRef = 181986021C79DD3000CE328C /* ANPhotoCollectionViewCell.m */; };
		181986061C79E26800CE328C /* ANPhotosViewController.m in Sources */ = {isa = PBXBuildFile; fileRef = 181986051C79E26800CE328C /* ANPhotosViewController.m */; };
		184818381C68B050005B4F1D /* ANGroup.m in Sources */ = {isa = PBXBuildFile; fileRef = 184818371C68B050005B4F1D /* ANGroup.m */; };
		18639B831C6F13D1008B6632 /* ANMessagesViewController.m in Sources */ = {isa = PBXBuildFile; fileRef = 18639B821C6F13D1008B6632 /* ANMessagesViewController.m */; };
		18639B861C6F3EA4008B6632 /* ANMessageTableViewCell.m in Sources */ = {isa = PBXBuildFile; fileRef = 18639B851C6F3EA4008B6632 /* ANMessageTableViewCell.m */; };
		18639B891C6F4F52008B6632 /* ANMessage.m in Sources */ = {isa = PBXBuildFile; fileRef = 18639B881C6F4F52008B6632 /* ANMessage.m */; };
		1878CB711C78EA29005D5AF4 /* ANPhotoAlbumCellCollectionViewCell.m in Sources */ = {isa = PBXBuildFile; fileRef = 1878CB701C78EA29005D5AF4 /* ANPhotoAlbumCellCollectionViewCell.m */; };
		1878CB751C78EB2E005D5AF4 /* ANPhotoAlbumsViewController.m in Sources */ = {isa = PBXBuildFile; fileRef = 1878CB741C78EB2E005D5AF4 /* ANPhotoAlbumsViewController.m */; };
		1894D5591C78A4DD00285B12 /* ANPhotoAlbum.m in Sources */ = {isa = PBXBuildFile; fileRef = 1894D5581C78A4DD00285B12 /* ANPhotoAlbum.m */; };
		1894D55C1C78AB1D00285B12 /* ANUploadServer.m in Sources */ = {isa = PBXBuildFile; fileRef = 1894D55B1C78AB1D00285B12 /* ANUploadServer.m */; };
		18B1CF6D1C68E635008610CA /* ANAddPostViewController.m in Sources */ = {isa = PBXBuildFile; fileRef = 18B1CF6C1C68E635008610CA /* ANAddPostViewController.m */; };
		18C779AB1C71D7DB006DAE38 /* ANNewPostCell.m in Sources */ = {isa = PBXBuildFile; fileRef = 18C779AA1C71D7DB006DAE38 /* ANNewPostCell.m */; };
		18D84FAB1C67540D0090BF78 /* ANPostCell.m in Sources */ = {isa = PBXBuildFile; fileRef = 18D84FAA1C67540D0090BF78 /* ANPostCell.m */; };
		18E8D85A1C68896400C1204F /* ANPhoto.m in Sources */ = {isa = PBXBuildFile; fileRef = 18E8D8591C68896400C1204F /* ANPhoto.m */; };
		18F7DA591C70CEC90027A836 /* ANNewMessageCell.m in Sources */ = {isa = PBXBuildFile; fileRef = 18F7DA581C70CEC90027A836 /* ANNewMessageCell.m */; };
		AC73DC8C223EB42DB2FDA8D6 /* libPods.a in Frameworks */ = {isa = PBXBuildFile; fileRef = 2149FED9822B8F31BB63210E /* libPods.a */; };
/* End PBXBuildFile section */

/* Begin PBXContainerItemProxy section */
		180404331C662A6000876FFE /* PBXContainerItemProxy */ = {
			isa = PBXContainerItemProxy;
			containerPortal = 180404111C662A6000876FFE /* Project object */;
			proxyType = 1;
			remoteGlobalIDString = 180404181C662A6000876FFE;
			remoteInfo = 46_APIWithTokenHomework;
		};
		1804043E1C662A6000876FFE /* PBXContainerItemProxy */ = {
			isa = PBXContainerItemProxy;
			containerPortal = 180404111C662A6000876FFE /* Project object */;
			proxyType = 1;
			remoteGlobalIDString = 180404181C662A6000876FFE;
			remoteInfo = 46_APIWithTokenHomework;
		};
/* End PBXContainerItemProxy section */

/* Begin PBXFileReference section */
		18038CCE1C71FE7900A33F3C /* ANPostCommentsViewController.h */ = {isa = PBXFileReference; fileEncoding = 4; lastKnownFileType = sourcecode.c.h; path = ANPostCommentsViewController.h; sourceTree = "<group>"; };
		18038CCF1C71FE7900A33F3C /* ANPostCommentsViewController.m */ = {isa = PBXFileReference; fileEncoding = 4; lastKnownFileType = sourcecode.c.objc; path = ANPostCommentsViewController.m; sourceTree = "<group>"; };
		18038CD11C72013D00A33F3C /* ANCommentCell.h */ = {isa = PBXFileReference; fileEncoding = 4; lastKnownFileType = sourcecode.c.h; path = ANCommentCell.h; sourceTree = "<group>"; };
		18038CD21C72013D00A33F3C /* ANCommentCell.m */ = {isa = PBXFileReference; fileEncoding = 4; lastKnownFileType = sourcecode.c.objc; path = ANCommentCell.m; sourceTree = "<group>"; };
		18038CD41C7208BB00A33F3C /* ANComment.h */ = {isa = PBXFileReference; fileEncoding = 4; lastKnownFileType = sourcecode.c.h; path = ANComment.h; sourceTree = "<group>"; };
		18038CD51C7208BB00A33F3C /* ANComment.m */ = {isa = PBXFileReference; fileEncoding = 4; lastKnownFileType = sourcecode.c.objc; path = ANComment.m; sourceTree = "<group>"; };
		180404191C662A6000876FFE /* 46_APIWithTokenHomework.app */ = {isa = PBXFileReference; explicitFileType = wrapper.application; includeInIndex = 0; path = 46_APIWithTokenHomework.app; sourceTree = BUILT_PRODUCTS_DIR; };
		1804041D1C662A6000876FFE /* main.m */ = {isa = PBXFileReference; lastKnownFileType = sourcecode.c.objc; path = main.m; sourceTree = "<group>"; };
		1804041F1C662A6000876FFE /* AppDelegate.h */ = {isa = PBXFileReference; lastKnownFileType = sourcecode.c.h; path = AppDelegate.h; sourceTree = "<group>"; };
		180404201C662A6000876FFE /* AppDelegate.m */ = {isa = PBXFileReference; lastKnownFileType = sourcecode.c.objc; path = AppDelegate.m; sourceTree = "<group>"; };
		180404221C662A6000876FFE /* ViewController.h */ = {isa = PBXFileReference; lastKnownFileType = sourcecode.c.h; path = ViewController.h; sourceTree = "<group>"; };
		180404231C662A6000876FFE /* ViewController.m */ = {isa = PBXFileReference; lastKnownFileType = sourcecode.c.objc; path = ViewController.m; sourceTree = "<group>"; };
		180404261C662A6000876FFE /* Base */ = {isa = PBXFileReference; lastKnownFileType = file.storyboard; name = Base; path = Base.lproj/Main.storyboard; sourceTree = "<group>"; };
		180404281C662A6000876FFE /* Assets.xcassets */ = {isa = PBXFileReference; lastKnownFileType = folder.assetcatalog; path = Assets.xcassets; sourceTree = "<group>"; };
		1804042B1C662A6000876FFE /* Base */ = {isa = PBXFileReference; lastKnownFileType = file.storyboard; name = Base; path = Base.lproj/LaunchScreen.storyboard; sourceTree = "<group>"; };
		1804042D1C662A6000876FFE /* Info.plist */ = {isa = PBXFileReference; lastKnownFileType = text.plist.xml; path = Info.plist; sourceTree = "<group>"; };
		180404321C662A6000876FFE /* 46_APIWithTokenHomeworkTests.xctest */ = {isa = PBXFileReference; explicitFileType = wrapper.cfbundle; includeInIndex = 0; path = 46_APIWithTokenHomeworkTests.xctest; sourceTree = BUILT_PRODUCTS_DIR; };
		180404361C662A6000876FFE /* _6_APIWithTokenHomeworkTests.m */ = {isa = PBXFileReference; lastKnownFileType = sourcecode.c.objc; path = _6_APIWithTokenHomeworkTests.m; sourceTree = "<group>"; };
		180404381C662A6000876FFE /* Info.plist */ = {isa = PBXFileReference; lastKnownFileType = text.plist.xml; path = Info.plist; sourceTree = "<group>"; };
		1804043D1C662A6000876FFE /* 46_APIWithTokenHomeworkUITests.xctest */ = {isa = PBXFileReference; explicitFileType = wrapper.cfbundle; includeInIndex = 0; path = 46_APIWithTokenHomeworkUITests.xctest; sourceTree = BUILT_PRODUCTS_DIR; };
		180404411C662A6000876FFE /* _6_APIWithTokenHomeworkUITests.m */ = {isa = PBXFileReference; lastKnownFileType = sourcecode.c.objc; path = _6_APIWithTokenHomeworkUITests.m; sourceTree = "<group>"; };
		180404431C662A6000876FFE /* Info.plist */ = {isa = PBXFileReference; lastKnownFileType = text.plist.xml; path = Info.plist; sourceTree = "<group>"; };
		180404871C662DE600876FFE /* ANServerManager.h */ = {isa = PBXFileReference; fileEncoding = 4; lastKnownFileType = sourcecode.c.h; path = ANServerManager.h; sourceTree = "<group>"; };
		180404881C662DE600876FFE /* ANServerManager.m */ = {isa = PBXFileReference; fileEncoding = 4; lastKnownFileType = sourcecode.c.objc; path = ANServerManager.m; sourceTree = "<group>"; };
		1804048A1C662F2C00876FFE /* ANServerObject.h */ = {isa = PBXFileReference; fileEncoding = 4; lastKnownFileType = sourcecode.c.h; path = ANServerObject.h; sourceTree = "<group>"; };
		1804048B1C662F2C00876FFE /* ANServerObject.m */ = {isa = PBXFileReference; fileEncoding = 4; lastKnownFileType = sourcecode.c.objc; path = ANServerObject.m; sourceTree = "<group>"; };
		1804048E1C662F5800876FFE /* ANUser.h */ = {isa = PBXFileReference; fileEncoding = 4; lastKnownFileType = sourcecode.c.h; path = ANUser.h; sourceTree = "<group>"; };
		1804048F1C662F5800876FFE /* ANUser.m */ = {isa = PBXFileReference; fileEncoding = 4; lastKnownFileType = sourcecode.c.objc; path = ANUser.m; sourceTree = "<group>"; };
		180404941C66300200876FFE /* ANLoginViewController.h */ = {isa = PBXFileReference; fileEncoding = 4; lastKnownFileType = sourcecode.c.h; path = ANLoginViewController.h; sourceTree = "<group>"; };
		180404951C66300200876FFE /* ANLoginViewController.m */ = {isa = PBXFileReference; fileEncoding = 4; lastKnownFileType = sourcecode.c.objc; path = ANLoginViewController.m; sourceTree = "<group>"; };
		180404981C66309100876FFE /* ANAccessToken.h */ = {isa = PBXFileReference; fileEncoding = 4; lastKnownFileType = sourcecode.c.h; path = ANAccessToken.h; sourceTree = "<group>"; };
		180404991C66309100876FFE /* ANAccessToken.m */ = {isa = PBXFileReference; fileEncoding = 4; lastKnownFileType = sourcecode.c.objc; path = ANAccessToken.m; sourceTree = "<group>"; };
		1804049B1C6630D000876FFE /* ANPost.h */ = {isa = PBXFileReference; fileEncoding = 4; lastKnownFileType = sourcecode.c.h; path = ANPost.h; sourceTree = "<group>"; };
		1804049C1C6630D000876FFE /* ANPost.m */ = {isa = PBXFileReference; fileEncoding = 4; lastKnownFileType = sourcecode.c.objc; path = ANPost.m; sourceTree = "<group>"; };
		181986011C79DD3000CE328C /* ANPhotoCollectionViewCell.h */ = {isa = PBXFileReference; fileEncoding = 4; lastKnownFileType = sourcecode.c.h; path = ANPhotoCollectionViewCell.h; sourceTree = "<group>"; };
		181986021C79DD3000CE328C /* ANPhotoCollectionViewCell.m */ = {isa = PBXFileReference; fileEncoding = 4; lastKnownFileType = sourcecode.c.objc; path = ANPhotoCollectionViewCell.m; sourceTree = "<group>"; };
		181986041C79E26800CE328C /* ANPhotosViewController.h */ = {isa = PBXFileReference; fileEncoding = 4; lastKnownFileType = sourcecode.c.h; path = ANPhotosViewController.h; sourceTree = "<group>"; };
		181986051C79E26800CE328C /* ANPhotosViewController.m */ = {isa = PBXFileReference; fileEncoding = 4; lastKnownFileType = sourcecode.c.objc; path = ANPhotosViewController.m; sourceTree = "<group>"; };
		184818361C68B050005B4F1D /* ANGroup.h */ = {isa = PBXFileReference; fileEncoding = 4; lastKnownFileType = sourcecode.c.h; path = ANGroup.h; sourceTree = "<group>"; };
		184818371C68B050005B4F1D /* ANGroup.m */ = {isa = PBXFileReference; fileEncoding = 4; lastKnownFileType = sourcecode.c.objc; path = ANGroup.m; sourceTree = "<group>"; };
		18639B811C6F13D1008B6632 /* ANMessagesViewController.h */ = {isa = PBXFileReference; fileEncoding = 4; lastKnownFileType = sourcecode.c.h; path = ANMessagesViewController.h; sourceTree = "<group>"; };
		18639B821C6F13D1008B6632 /* ANMessagesViewController.m */ = {isa = PBXFileReference; fileEncoding = 4; lastKnownFileType = sourcecode.c.objc; path = ANMessagesViewController.m; sourceTree = "<group>"; };
		18639B841C6F3EA4008B6632 /* ANMessageTableViewCell.h */ = {isa = PBXFileReference; fileEncoding = 4; lastKnownFileType = sourcecode.c.h; path = ANMessageTableViewCell.h; sourceTree = "<group>"; };
		18639B851C6F3EA4008B6632 /* ANMessageTableViewCell.m */ = {isa = PBXFileReference; fileEncoding = 4; lastKnownFileType = sourcecode.c.objc; path = ANMessageTableViewCell.m; sourceTree = "<group>"; };
		18639B871C6F4F52008B6632 /* ANMessage.h */ = {isa = PBXFileReference; fileEncoding = 4; lastKnownFileType = sourcecode.c.h; path = ANMessage.h; sourceTree = "<group>"; };
		18639B881C6F4F52008B6632 /* ANMessage.m */ = {isa = PBXFileReference; fileEncoding = 4; lastKnownFileType = sourcecode.c.objc; path = ANMessage.m; sourceTree = "<group>"; };
		1878CB6F1C78EA29005D5AF4 /* ANPhotoAlbumCellCollectionViewCell.h */ = {isa = PBXFileReference; fileEncoding = 4; lastKnownFileType = sourcecode.c.h; path = ANPhotoAlbumCellCollectionViewCell.h; sourceTree = "<group>"; };
		1878CB701C78EA29005D5AF4 /* ANPhotoAlbumCellCollectionViewCell.m */ = {isa = PBXFileReference; fileEncoding = 4; lastKnownFileType = sourcecode.c.objc; path = ANPhotoAlbumCellCollectionViewCell.m; sourceTree = "<group>"; };
		1878CB731C78EB2E005D5AF4 /* ANPhotoAlbumsViewController.h */ = {isa = PBXFileReference; fileEncoding = 4; lastKnownFileType = sourcecode.c.h; path = ANPhotoAlbumsViewController.h; sourceTree = "<group>"; };
		1878CB741C78EB2E005D5AF4 /* ANPhotoAlbumsViewController.m */ = {isa = PBXFileReference; fileEncoding = 4; lastKnownFileType = sourcecode.c.objc; path = ANPhotoAlbumsViewController.m; sourceTree = "<group>"; };
		1894D5571C78A4DD00285B12 /* ANPhotoAlbum.h */ = {isa = PBXFileReference; fileEncoding = 4; lastKnownFileType = sourcecode.c.h; path = ANPhotoAlbum.h; sourceTree = "<group>"; };
		1894D5581C78A4DD00285B12 /* ANPhotoAlbum.m */ = {isa = PBXFileReference; fileEncoding = 4; lastKnownFileType = sourcecode.c.objc; path = ANPhotoAlbum.m; sourceTree = "<group>"; };
		1894D55A1C78AB1D00285B12 /* ANUploadServer.h */ = {isa = PBXFileReference; fileEncoding = 4; lastKnownFileType = sourcecode.c.h; path = ANUploadServer.h; sourceTree = "<group>"; };
		1894D55B1C78AB1D00285B12 /* ANUploadServer.m */ = {isa = PBXFileReference; fileEncoding = 4; lastKnownFileType = sourcecode.c.objc; path = ANUploadServer.m; sourceTree = "<group>"; };
		18B1CF6B1C68E635008610CA /* ANAddPostViewController.h */ = {isa = PBXFileReference; fileEncoding = 4; lastKnownFileType = sourcecode.c.h; path = ANAddPostViewController.h; sourceTree = "<group>"; };
		18B1CF6C1C68E635008610CA /* ANAddPostViewController.m */ = {isa = PBXFileReference; fileEncoding = 4; lastKnownFileType = sourcecode.c.objc; path = ANAddPostViewController.m; sourceTree = "<group>"; };
		18C779A91C71D7DB006DAE38 /* ANNewPostCell.h */ = {isa = PBXFileReference; fileEncoding = 4; lastKnownFileType = sourcecode.c.h; path = ANNewPostCell.h; sourceTree = "<group>"; };
		18C779AA1C71D7DB006DAE38 /* ANNewPostCell.m */ = {isa = PBXFileReference; fileEncoding = 4; lastKnownFileType = sourcecode.c.objc; path = ANNewPostCell.m; sourceTree = "<group>"; };
		18D84FA91C67540D0090BF78 /* ANPostCell.h */ = {isa = PBXFileReference; fileEncoding = 4; lastKnownFileType = sourcecode.c.h; path = ANPostCell.h; sourceTree = "<group>"; };
		18D84FAA1C67540D0090BF78 /* ANPostCell.m */ = {isa = PBXFileReference; fileEncoding = 4; lastKnownFileType = sourcecode.c.objc; path = ANPostCell.m; sourceTree = "<group>"; };
		18E8D8581C68896400C1204F /* ANPhoto.h */ = {isa = PBXFileReference; fileEncoding = 4; lastKnownFileType = sourcecode.c.h; path = ANPhoto.h; sourceTree = "<group>"; };
		18E8D8591C68896400C1204F /* ANPhoto.m */ = {isa = PBXFileReference; fileEncoding = 4; lastKnownFileType = sourcecode.c.objc; path = ANPhoto.m; sourceTree = "<group>"; };
		18F7DA571C70CEC90027A836 /* ANNewMessageCell.h */ = {isa = PBXFileReference; fileEncoding = 4; lastKnownFileType = sourcecode.c.h; path = ANNewMessageCell.h; sourceTree = "<group>"; };
		18F7DA581C70CEC90027A836 /* ANNewMessageCell.m */ = {isa = PBXFileReference; fileEncoding = 4; lastKnownFileType = sourcecode.c.objc; path = ANNewMessageCell.m; sourceTree = "<group>"; };
		2149FED9822B8F31BB63210E /* libPods.a */ = {isa = PBXFileReference; explicitFileType = archive.ar; includeInIndex = 0; path = libPods.a; sourceTree = BUILT_PRODUCTS_DIR; };
		C40CC3732CBA3BFF3108B259 /* Pods.release.xcconfig */ = {isa = PBXFileReference; includeInIndex = 1; lastKnownFileType = text.xcconfig; name = Pods.release.xcconfig; path = "Pods/Target Support Files/Pods/Pods.release.xcconfig"; sourceTree = "<group>"; };
		C93851F0D87243F52E621999 /* Pods.debug.xcconfig */ = {isa = PBXFileReference; includeInIndex = 1; lastKnownFileType = text.xcconfig; name = Pods.debug.xcconfig; path = "Pods/Target Support Files/Pods/Pods.debug.xcconfig"; sourceTree = "<group>"; };
/* End PBXFileReference section */

/* Begin PBXFrameworksBuildPhase section */
		180404161C662A6000876FFE /* Frameworks */ = {
			isa = PBXFrameworksBuildPhase;
			buildActionMask = 2147483647;
			files = (
				AC73DC8C223EB42DB2FDA8D6 /* libPods.a in Frameworks */,
			);
			runOnlyForDeploymentPostprocessing = 0;
		};
		1804042F1C662A6000876FFE /* Frameworks */ = {
			isa = PBXFrameworksBuildPhase;
			buildActionMask = 2147483647;
			files = (
			);
			runOnlyForDeploymentPostprocessing = 0;
		};
		1804043A1C662A6000876FFE /* Frameworks */ = {
			isa = PBXFrameworksBuildPhase;
			buildActionMask = 2147483647;
			files = (
			);
			runOnlyForDeploymentPostprocessing = 0;
		};
/* End PBXFrameworksBuildPhase section */

/* Begin PBXGroup section */
		0ABDD97AE654EB49E6CEEB6C /* Pods */ = {
			isa = PBXGroup;
			children = (
				C93851F0D87243F52E621999 /* Pods.debug.xcconfig */,
				C40CC3732CBA3BFF3108B259 /* Pods.release.xcconfig */,
			);
			name = Pods;
			sourceTree = "<group>";
		};
		180404101C662A6000876FFE = {
			isa = PBXGroup;
			children = (
				1804041B1C662A6000876FFE /* 46_APIWithTokenHomework */,
				180404351C662A6000876FFE /* 46_APIWithTokenHomeworkTests */,
				180404401C662A6000876FFE /* 46_APIWithTokenHomeworkUITests */,
				1804041A1C662A6000876FFE /* Products */,
				0ABDD97AE654EB49E6CEEB6C /* Pods */,
				A3CBCA5F7ED06527BBA39DC9 /* Frameworks */,
			);
			sourceTree = "<group>";
		};
		1804041A1C662A6000876FFE /* Products */ = {
			isa = PBXGroup;
			children = (
				180404191C662A6000876FFE /* 46_APIWithTokenHomework.app */,
				180404321C662A6000876FFE /* 46_APIWithTokenHomeworkTests.xctest */,
				1804043D1C662A6000876FFE /* 46_APIWithTokenHomeworkUITests.xctest */,
			);
			name = Products;
			sourceTree = "<group>";
		};
		1804041B1C662A6000876FFE /* 46_APIWithTokenHomework */ = {
			isa = PBXGroup;
			children = (
				1804048D1C662F3B00876FFE /* Models */,
				180404971C66305C00876FFE /* Controllers */,
				1878CB721C78EA39005D5AF4 /* CollectionView Cells */,
				18D84FAC1C6754100090BF78 /* Cells */,
				1804041F1C662A6000876FFE /* AppDelegate.h */,
				180404201C662A6000876FFE /* AppDelegate.m */,
				180404871C662DE600876FFE /* ANServerManager.h */,
				180404881C662DE600876FFE /* ANServerManager.m */,
				180404251C662A6000876FFE /* Main.storyboard */,
				180404281C662A6000876FFE /* Assets.xcassets */,
				1804042A1C662A6000876FFE /* LaunchScreen.storyboard */,
				1804042D1C662A6000876FFE /* Info.plist */,
				1804041C1C662A6000876FFE /* Supporting Files */,
			);
			path = 46_APIWithTokenHomework;
			sourceTree = "<group>";
		};
		1804041C1C662A6000876FFE /* Supporting Files */ = {
			isa = PBXGroup;
			children = (
				1804041D1C662A6000876FFE /* main.m */,
			);
			name = "Supporting Files";
			sourceTree = "<group>";
		};
		180404351C662A6000876FFE /* 46_APIWithTokenHomeworkTests */ = {
			isa = PBXGroup;
			children = (
				180404361C662A6000876FFE /* _6_APIWithTokenHomeworkTests.m */,
				180404381C662A6000876FFE /* Info.plist */,
			);
			path = 46_APIWithTokenHomeworkTests;
			sourceTree = "<group>";
		};
		180404401C662A6000876FFE /* 46_APIWithTokenHomeworkUITests */ = {
			isa = PBXGroup;
			children = (
				180404411C662A6000876FFE /* _6_APIWithTokenHomeworkUITests.m */,
				180404431C662A6000876FFE /* Info.plist */,
			);
			path = 46_APIWithTokenHomeworkUITests;
			sourceTree = "<group>";
		};
		1804048D1C662F3B00876FFE /* Models */ = {
			isa = PBXGroup;
			children = (
				1804048A1C662F2C00876FFE /* ANServerObject.h */,
				1804048B1C662F2C00876FFE /* ANServerObject.m */,
				18E8D8581C68896400C1204F /* ANPhoto.h */,
				18E8D8591C68896400C1204F /* ANPhoto.m */,
				18038CD41C7208BB00A33F3C /* ANComment.h */,
				18038CD51C7208BB00A33F3C /* ANComment.m */,
				1804049B1C6630D000876FFE /* ANPost.h */,
				1804049C1C6630D000876FFE /* ANPost.m */,
				184818361C68B050005B4F1D /* ANGroup.h */,
				184818371C68B050005B4F1D /* ANGroup.m */,
				1804048E1C662F5800876FFE /* ANUser.h */,
				1804048F1C662F5800876FFE /* ANUser.m */,
				18639B871C6F4F52008B6632 /* ANMessage.h */,
				18639B881C6F4F52008B6632 /* ANMessage.m */,
				180404981C66309100876FFE /* ANAccessToken.h */,
				180404991C66309100876FFE /* ANAccessToken.m */,
				1894D5571C78A4DD00285B12 /* ANPhotoAlbum.h */,
				1894D5581C78A4DD00285B12 /* ANPhotoAlbum.m */,
				1894D55A1C78AB1D00285B12 /* ANUploadServer.h */,
				1894D55B1C78AB1D00285B12 /* ANUploadServer.m */,
			);
			name = Models;
			sourceTree = "<group>";
		};
		180404971C66305C00876FFE /* Controllers */ = {
			isa = PBXGroup;
			children = (
				18639B811C6F13D1008B6632 /* ANMessagesViewController.h */,
				18639B821C6F13D1008B6632 /* ANMessagesViewController.m */,
				18B1CF6B1C68E635008610CA /* ANAddPostViewController.h */,
				18B1CF6C1C68E635008610CA /* ANAddPostViewController.m */,
				180404941C66300200876FFE /* ANLoginViewController.h */,
				180404951C66300200876FFE /* ANLoginViewController.m */,
				18038CCE1C71FE7900A33F3C /* ANPostCommentsViewController.h */,
				18038CCF1C71FE7900A33F3C /* ANPostCommentsViewController.m */,
				180404221C662A6000876FFE /* ViewController.h */,
				180404231C662A6000876FFE /* ViewController.m */,
				1878CB731C78EB2E005D5AF4 /* ANPhotoAlbumsViewController.h */,
				1878CB741C78EB2E005D5AF4 /* ANPhotoAlbumsViewController.m */,
				181986041C79E26800CE328C /* ANPhotosViewController.h */,
				181986051C79E26800CE328C /* ANPhotosViewController.m */,
			);
			name = Controllers;
			sourceTree = "<group>";
		};
		1878CB721C78EA39005D5AF4 /* CollectionView Cells */ = {
			isa = PBXGroup;
			children = (
				1878CB6F1C78EA29005D5AF4 /* ANPhotoAlbumCellCollectionViewCell.h */,
				1878CB701C78EA29005D5AF4 /* ANPhotoAlbumCellCollectionViewCell.m */,
				181986011C79DD3000CE328C /* ANPhotoCollectionViewCell.h */,
				181986021C79DD3000CE328C /* ANPhotoCollectionViewCell.m */,
			);
			name = "CollectionView Cells";
			sourceTree = "<group>";
		};
		18D84FAC1C6754100090BF78 /* Cells */ = {
			isa = PBXGroup;
			children = (
				18038CD11C72013D00A33F3C /* ANCommentCell.h */,
				18038CD21C72013D00A33F3C /* ANCommentCell.m */,
				18C779A91C71D7DB006DAE38 /* ANNewPostCell.h */,
				18C779AA1C71D7DB006DAE38 /* ANNewPostCell.m */,
				18F7DA571C70CEC90027A836 /* ANNewMessageCell.h */,
				18F7DA581C70CEC90027A836 /* ANNewMessageCell.m */,
				18D84FA91C67540D0090BF78 /* ANPostCell.h */,
				18D84FAA1C67540D0090BF78 /* ANPostCell.m */,
				18639B841C6F3EA4008B6632 /* ANMessageTableViewCell.h */,
				18639B851C6F3EA4008B6632 /* ANMessageTableViewCell.m */,
			);
			name = Cells;
			sourceTree = "<group>";
		};
		A3CBCA5F7ED06527BBA39DC9 /* Frameworks */ = {
			isa = PBXGroup;
			children = (
				2149FED9822B8F31BB63210E /* libPods.a */,
			);
			name = Frameworks;
			sourceTree = "<group>";
		};
/* End PBXGroup section */

/* Begin PBXNativeTarget section */
		180404181C662A6000876FFE /* 46_APIWithTokenHomework */ = {
			isa = PBXNativeTarget;
			buildConfigurationList = 180404461C662A6000876FFE /* Build configuration list for PBXNativeTarget "46_APIWithTokenHomework" */;
			buildPhases = (
				4839ED13010F7C5CF650F679 /* Check Pods Manifest.lock */,
				180404151C662A6000876FFE /* Sources */,
				180404161C662A6000876FFE /* Frameworks */,
				180404171C662A6000876FFE /* Resources */,
				A328F4D66C40F111DC6ED31B /* Embed Pods Frameworks */,
				F6AA1779906D25D170DB5B70 /* Copy Pods Resources */,
			);
			buildRules = (
			);
			dependencies = (
			);
			name = 46_APIWithTokenHomework;
			productName = 46_APIWithTokenHomework;
			productReference = 180404191C662A6000876FFE /* 46_APIWithTokenHomework.app */;
			productType = "com.apple.product-type.application";
		};
		180404311C662A6000876FFE /* 46_APIWithTokenHomeworkTests */ = {
			isa = PBXNativeTarget;
			buildConfigurationList = 180404491C662A6000876FFE /* Build configuration list for PBXNativeTarget "46_APIWithTokenHomeworkTests" */;
			buildPhases = (
				1804042E1C662A6000876FFE /* Sources */,
				1804042F1C662A6000876FFE /* Frameworks */,
				180404301C662A6000876FFE /* Resources */,
			);
			buildRules = (
			);
			dependencies = (
				180404341C662A6000876FFE /* PBXTargetDependency */,
			);
			name = 46_APIWithTokenHomeworkTests;
			productName = 46_APIWithTokenHomeworkTests;
			productReference = 180404321C662A6000876FFE /* 46_APIWithTokenHomeworkTests.xctest */;
			productType = "com.apple.product-type.bundle.unit-test";
		};
		1804043C1C662A6000876FFE /* 46_APIWithTokenHomeworkUITests */ = {
			isa = PBXNativeTarget;
			buildConfigurationList = 1804044C1C662A6000876FFE /* Build configuration list for PBXNativeTarget "46_APIWithTokenHomeworkUITests" */;
			buildPhases = (
				180404391C662A6000876FFE /* Sources */,
				1804043A1C662A6000876FFE /* Frameworks */,
				1804043B1C662A6000876FFE /* Resources */,
			);
			buildRules = (
			);
			dependencies = (
				1804043F1C662A6000876FFE /* PBXTargetDependency */,
			);
			name = 46_APIWithTokenHomeworkUITests;
			productName = 46_APIWithTokenHomeworkUITests;
			productReference = 1804043D1C662A6000876FFE /* 46_APIWithTokenHomeworkUITests.xctest */;
			productType = "com.apple.product-type.bundle.ui-testing";
		};
/* End PBXNativeTarget section */

/* Begin PBXProject section */
		180404111C662A6000876FFE /* Project object */ = {
			isa = PBXProject;
			attributes = {
				LastUpgradeCheck = 0720;
				ORGANIZATIONNAME = "Anton Novoselov";
				TargetAttributes = {
					180404181C662A6000876FFE = {
						CreatedOnToolsVersion = 7.2.1;
						DevelopmentTeam = 358V8FBM3U;
					};
					180404311C662A6000876FFE = {
						CreatedOnToolsVersion = 7.2.1;
						DevelopmentTeam = 358V8FBM3U;
						TestTargetID = 180404181C662A6000876FFE;
					};
					1804043C1C662A6000876FFE = {
						CreatedOnToolsVersion = 7.2.1;
						DevelopmentTeam = 358V8FBM3U;
						TestTargetID = 180404181C662A6000876FFE;
					};
				};
			};
			buildConfigurationList = 180404141C662A6000876FFE /* Build configuration list for PBXProject "46_APIWithTokenHomework" */;
			compatibilityVersion = "Xcode 3.2";
			developmentRegion = English;
			hasScannedForEncodings = 0;
			knownRegions = (
				en,
				Base,
			);
			mainGroup = 180404101C662A6000876FFE;
			productRefGroup = 1804041A1C662A6000876FFE /* Products */;
			projectDirPath = "";
			projectRoot = "";
			targets = (
				180404181C662A6000876FFE /* 46_APIWithTokenHomework */,
				180404311C662A6000876FFE /* 46_APIWithTokenHomeworkTests */,
				1804043C1C662A6000876FFE /* 46_APIWithTokenHomeworkUITests */,
			);
		};
/* End PBXProject section */

/* Begin PBXResourcesBuildPhase section */
		180404171C662A6000876FFE /* Resources */ = {
			isa = PBXResourcesBuildPhase;
			buildActionMask = 2147483647;
			files = (
				1804042C1C662A6000876FFE /* LaunchScreen.storyboard in Resources */,
				180404291C662A6000876FFE /* Assets.xcassets in Resources */,
				180404271C662A6000876FFE /* Main.storyboard in Resources */,
			);
			runOnlyForDeploymentPostprocessing = 0;
		};
		180404301C662A6000876FFE /* Resources */ = {
			isa = PBXResourcesBuildPhase;
			buildActionMask = 2147483647;
			files = (
			);
			runOnlyForDeploymentPostprocessing = 0;
		};
		1804043B1C662A6000876FFE /* Resources */ = {
			isa = PBXResourcesBuildPhase;
			buildActionMask = 2147483647;
			files = (
			);
			runOnlyForDeploymentPostprocessing = 0;
		};
/* End PBXResourcesBuildPhase section */

/* Begin PBXShellScriptBuildPhase section */
		4839ED13010F7C5CF650F679 /* Check Pods Manifest.lock */ = {
			isa = PBXShellScriptBuildPhase;
			buildActionMask = 2147483647;
			files = (
			);
			inputPaths = (
			);
			name = "Check Pods Manifest.lock";
			outputPaths = (
			);
			runOnlyForDeploymentPostprocessing = 0;
			shellPath = /bin/sh;
			shellScript = "diff \"${PODS_ROOT}/../Podfile.lock\" \"${PODS_ROOT}/Manifest.lock\" > /dev/null\nif [[ $? != 0 ]] ; then\n    cat << EOM\nerror: The sandbox is not in sync with the Podfile.lock. Run 'pod install' or update your CocoaPods installation.\nEOM\n    exit 1\nfi\n";
			showEnvVarsInLog = 0;
		};
		A328F4D66C40F111DC6ED31B /* Embed Pods Frameworks */ = {
			isa = PBXShellScriptBuildPhase;
			buildActionMask = 2147483647;
			files = (
			);
			inputPaths = (
			);
			name = "Embed Pods Frameworks";
			outputPaths = (
			);
			runOnlyForDeploymentPostprocessing = 0;
			shellPath = /bin/sh;
			shellScript = "\"${SRCROOT}/Pods/Target Support Files/Pods/Pods-frameworks.sh\"\n";
			showEnvVarsInLog = 0;
		};
		F6AA1779906D25D170DB5B70 /* Copy Pods Resources */ = {
			isa = PBXShellScriptBuildPhase;
			buildActionMask = 2147483647;
			files = (
			);
			inputPaths = (
			);
			name = "Copy Pods Resources";
			outputPaths = (
			);
			runOnlyForDeploymentPostprocessing = 0;
			shellPath = /bin/sh;
			shellScript = "\"${SRCROOT}/Pods/Target Support Files/Pods/Pods-resources.sh\"\n";
			showEnvVarsInLog = 0;
		};
/* End PBXShellScriptBuildPhase section */

/* Begin PBXSourcesBuildPhase section */
		180404151C662A6000876FFE /* Sources */ = {
			isa = PBXSourcesBuildPhase;
			buildActionMask = 2147483647;
			files = (
				1878CB711C78EA29005D5AF4 /* ANPhotoAlbumCellCollectionViewCell.m in Sources */,
				18F7DA591C70CEC90027A836 /* ANNewMessageCell.m in Sources */,
				18038CD01C71FE7900A33F3C /* ANPostCommentsViewController.m in Sources */,
				1804049D1C6630D000876FFE /* ANPost.m in Sources */,
				18639B861C6F3EA4008B6632 /* ANMessageTableViewCell.m in Sources */,
				18C779AB1C71D7DB006DAE38 /* ANNewPostCell.m in Sources */,
				180404961C66300200876FFE /* ANLoginViewController.m in Sources */,
				180404241C662A6000876FFE /* ViewController.m in Sources */,
				181986031C79DD3000CE328C /* ANPhotoCollectionViewCell.m in Sources */,
				1894D5591C78A4DD00285B12 /* ANPhotoAlbum.m in Sources */,
				181986061C79E26800CE328C /* ANPhotosViewController.m in Sources */,
				1804049A1C66309100876FFE /* ANAccessToken.m in Sources */,
				18038CD31C72013D00A33F3C /* ANCommentCell.m in Sources */,
				1804048C1C662F2C00876FFE /* ANServerObject.m in Sources */,
				18D84FAB1C67540D0090BF78 /* ANPostCell.m in Sources */,
				18E8D85A1C68896400C1204F /* ANPhoto.m in Sources */,
				18B1CF6D1C68E635008610CA /* ANAddPostViewController.m in Sources */,
				184818381C68B050005B4F1D /* ANGroup.m in Sources */,
				18639B831C6F13D1008B6632 /* ANMessagesViewController.m in Sources */,
				180404891C662DE600876FFE /* ANServerManager.m in Sources */,
				18038CD61C7208BB00A33F3C /* ANComment.m in Sources */,
				180404211C662A6000876FFE /* AppDelegate.m in Sources */,
				1894D55C1C78AB1D00285B12 /* ANUploadServer.m in Sources */,
				1878CB751C78EB2E005D5AF4 /* ANPhotoAlbumsViewController.m in Sources */,
				180404901C662F5800876FFE /* ANUser.m in Sources */,
				18639B891C6F4F52008B6632 /* ANMessage.m in Sources */,
				1804041E1C662A6000876FFE /* main.m in Sources */,
			);
			runOnlyForDeploymentPostprocessing = 0;
		};
		1804042E1C662A6000876FFE /* Sources */ = {
			isa = PBXSourcesBuildPhase;
			buildActionMask = 2147483647;
			files = (
				180404371C662A6000876FFE /* _6_APIWithTokenHomeworkTests.m in Sources */,
			);
			runOnlyForDeploymentPostprocessing = 0;
		};
		180404391C662A6000876FFE /* Sources */ = {
			isa = PBXSourcesBuildPhase;
			buildActionMask = 2147483647;
			files = (
				180404421C662A6000876FFE /* _6_APIWithTokenHomeworkUITests.m in Sources */,
			);
			runOnlyForDeploymentPostprocessing = 0;
		};
/* End PBXSourcesBuildPhase section */

/* Begin PBXTargetDependency section */
		180404341C662A6000876FFE /* PBXTargetDependency */ = {
			isa = PBXTargetDependency;
			target = 180404181C662A6000876FFE /* 46_APIWithTokenHomework */;
			targetProxy = 180404331C662A6000876FFE /* PBXContainerItemProxy */;
		};
		1804043F1C662A6000876FFE /* PBXTargetDependency */ = {
			isa = PBXTargetDependency;
			target = 180404181C662A6000876FFE /* 46_APIWithTokenHomework */;
			targetProxy = 1804043E1C662A6000876FFE /* PBXContainerItemProxy */;
		};
/* End PBXTargetDependency section */

/* Begin PBXVariantGroup section */
		180404251C662A6000876FFE /* Main.storyboard */ = {
			isa = PBXVariantGroup;
			children = (
				180404261C662A6000876FFE /* Base */,
			);
			name = Main.storyboard;
			sourceTree = "<group>";
		};
		1804042A1C662A6000876FFE /* LaunchScreen.storyboard */ = {
			isa = PBXVariantGroup;
			children = (
				1804042B1C662A6000876FFE /* Base */,
			);
			name = LaunchScreen.storyboard;
			sourceTree = "<group>";
		};
/* End PBXVariantGroup section */

/* Begin XCBuildConfiguration section */
		180404441C662A6000876FFE /* Debug */ = {
			isa = XCBuildConfiguration;
			buildSettings = {
				ALWAYS_SEARCH_USER_PATHS = NO;
				CLANG_CXX_LANGUAGE_STANDARD = "gnu++0x";
				CLANG_CXX_LIBRARY = "libc++";
				CLANG_ENABLE_MODULES = YES;
				CLANG_ENABLE_OBJC_ARC = YES;
				CLANG_WARN_BOOL_CONVERSION = YES;
				CLANG_WARN_CONSTANT_CONVERSION = YES;
				CLANG_WARN_DIRECT_OBJC_ISA_USAGE = YES_ERROR;
				CLANG_WARN_EMPTY_BODY = YES;
				CLANG_WARN_ENUM_CONVERSION = YES;
				CLANG_WARN_INT_CONVERSION = YES;
				CLANG_WARN_OBJC_ROOT_CLASS = YES_ERROR;
				CLANG_WARN_UNREACHABLE_CODE = YES;
				CLANG_WARN__DUPLICATE_METHOD_MATCH = YES;
				"CODE_SIGN_IDENTITY[sdk=iphoneos*]" = "iPhone Developer";
				COPY_PHASE_STRIP = NO;
				DEBUG_INFORMATION_FORMAT = dwarf;
				ENABLE_STRICT_OBJC_MSGSEND = YES;
				ENABLE_TESTABILITY = YES;
				GCC_C_LANGUAGE_STANDARD = gnu99;
				GCC_DYNAMIC_NO_PIC = NO;
				GCC_NO_COMMON_BLOCKS = YES;
				GCC_OPTIMIZATION_LEVEL = 0;
				GCC_PREPROCESSOR_DEFINITIONS = (
					"DEBUG=1",
					"$(inherited)",
				);
				GCC_WARN_64_TO_32_BIT_CONVERSION = YES;
				GCC_WARN_ABOUT_RETURN_TYPE = YES_ERROR;
				GCC_WARN_UNDECLARED_SELECTOR = YES;
				GCC_WARN_UNINITIALIZED_AUTOS = YES_AGGRESSIVE;
				GCC_WARN_UNUSED_FUNCTION = YES;
				GCC_WARN_UNUSED_VARIABLE = YES;
				IPHONEOS_DEPLOYMENT_TARGET = 9.2;
				MTL_ENABLE_DEBUG_INFO = YES;
				ONLY_ACTIVE_ARCH = YES;
				SDKROOT = iphoneos;
			};
			name = Debug;
		};
		180404451C662A6000876FFE /* Release */ = {
			isa = XCBuildConfiguration;
			buildSettings = {
				ALWAYS_SEARCH_USER_PATHS = NO;
				CLANG_CXX_LANGUAGE_STANDARD = "gnu++0x";
				CLANG_CXX_LIBRARY = "libc++";
				CLANG_ENABLE_MODULES = YES;
				CLANG_ENABLE_OBJC_ARC = YES;
				CLANG_WARN_BOOL_CONVERSION = YES;
				CLANG_WARN_CONSTANT_CONVERSION = YES;
				CLANG_WARN_DIRECT_OBJC_ISA_USAGE = YES_ERROR;
				CLANG_WARN_EMPTY_BODY = YES;
				CLANG_WARN_ENUM_CONVERSION = YES;
				CLANG_WARN_INT_CONVERSION = YES;
				CLANG_WARN_OBJC_ROOT_CLASS = YES_ERROR;
				CLANG_WARN_UNREACHABLE_CODE = YES;
				CLANG_WARN__DUPLICATE_METHOD_MATCH = YES;
				"CODE_SIGN_IDENTITY[sdk=iphoneos*]" = "iPhone Developer";
				COPY_PHASE_STRIP = NO;
				DEBUG_INFORMATION_FORMAT = "dwarf-with-dsym";
				ENABLE_NS_ASSERTIONS = NO;
				ENABLE_STRICT_OBJC_MSGSEND = YES;
				GCC_C_LANGUAGE_STANDARD = gnu99;
				GCC_NO_COMMON_BLOCKS = YES;
				GCC_WARN_64_TO_32_BIT_CONVERSION = YES;
				GCC_WARN_ABOUT_RETURN_TYPE = YES_ERROR;
				GCC_WARN_UNDECLARED_SELECTOR = YES;
				GCC_WARN_UNINITIALIZED_AUTOS = YES_AGGRESSIVE;
				GCC_WARN_UNUSED_FUNCTION = YES;
				GCC_WARN_UNUSED_VARIABLE = YES;
				IPHONEOS_DEPLOYMENT_TARGET = 9.2;
				MTL_ENABLE_DEBUG_INFO = NO;
				SDKROOT = iphoneos;
				VALIDATE_PRODUCT = YES;
			};
			name = Release;
		};
		180404471C662A6000876FFE /* Debug */ = {
			isa = XCBuildConfiguration;
			baseConfigurationReference = C93851F0D87243F52E621999 /* Pods.debug.xcconfig */;
			buildSettings = {
				ASSETCATALOG_COMPILER_APPICON_NAME = AppIcon;
				INFOPLIST_FILE = 46_APIWithTokenHomework/Info.plist;
				LD_RUNPATH_SEARCH_PATHS = "$(inherited) @executable_path/Frameworks";
				PRODUCT_BUNDLE_IDENTIFIER = "com.antonnovoselov.-6-APIWithTokenHomework";
				PRODUCT_NAME = "$(TARGET_NAME)";
			};
			name = Debug;
		};
		180404481C662A6000876FFE /* Release */ = {
			isa = XCBuildConfiguration;
			baseConfigurationReference = C40CC3732CBA3BFF3108B259 /* Pods.release.xcconfig */;
			buildSettings = {
				ASSETCATALOG_COMPILER_APPICON_NAME = AppIcon;
				INFOPLIST_FILE = 46_APIWithTokenHomework/Info.plist;
				LD_RUNPATH_SEARCH_PATHS = "$(inherited) @executable_path/Frameworks";
				PRODUCT_BUNDLE_IDENTIFIER = "com.antonnovoselov.-6-APIWithTokenHomework";
				PRODUCT_NAME = "$(TARGET_NAME)";
			};
			name = Release;
		};
		1804044A1C662A6000876FFE /* Debug */ = {
			isa = XCBuildConfiguration;
			buildSettings = {
				BUNDLE_LOADER = "$(TEST_HOST)";
				INFOPLIST_FILE = 46_APIWithTokenHomeworkTests/Info.plist;
				LD_RUNPATH_SEARCH_PATHS = "$(inherited) @executable_path/Frameworks @loader_path/Frameworks";
				PRODUCT_BUNDLE_IDENTIFIER = "com.antonnovoselov.-6-APIWithTokenHomeworkTests";
				PRODUCT_NAME = "$(TARGET_NAME)";
				TEST_HOST = "$(BUILT_PRODUCTS_DIR)/46_APIWithTokenHomework.app/46_APIWithTokenHomework";
			};
			name = Debug;
		};
		1804044B1C662A6000876FFE /* Release */ = {
			isa = XCBuildConfiguration;
			buildSettings = {
				BUNDLE_LOADER = "$(TEST_HOST)";
				INFOPLIST_FILE = 46_APIWithTokenHomeworkTests/Info.plist;
				LD_RUNPATH_SEARCH_PATHS = "$(inherited) @executable_path/Frameworks @loader_path/Frameworks";
				PRODUCT_BUNDLE_IDENTIFIER = "com.antonnovoselov.-6-APIWithTokenHomeworkTests";
				PRODUCT_NAME = "$(TARGET_NAME)";
				TEST_HOST = "$(BUILT_PRODUCTS_DIR)/46_APIWithTokenHomework.app/46_APIWithTokenHomework";
			};
			name = Release;
		};
		1804044D1C662A6000876FFE /* Debug */ = {
			isa = XCBuildConfiguration;
			buildSettings = {
				INFOPLIST_FILE = 46_APIWithTokenHomeworkUITests/Info.plist;
				LD_RUNPATH_SEARCH_PATHS = "$(inherited) @executable_path/Frameworks @loader_path/Frameworks";
				PRODUCT_BUNDLE_IDENTIFIER = "com.antonnovoselov.-6-APIWithTokenHomeworkUITests";
				PRODUCT_NAME = "$(TARGET_NAME)";
				TEST_TARGET_NAME = 46_APIWithTokenHomework;
				USES_XCTRUNNER = YES;
			};
			name = Debug;
		};
		1804044E1C662A6000876FFE /* Release */ = {
			isa = XCBuildConfiguration;
			buildSettings = {
				INFOPLIST_FILE = 46_APIWithTokenHomeworkUITests/Info.plist;
				LD_RUNPATH_SEARCH_PATHS = "$(inherited) @executable_path/Frameworks @loader_path/Frameworks";
				PRODUCT_BUNDLE_IDENTIFIER = "com.antonnovoselov.-6-APIWithTokenHomeworkUITests";
				PRODUCT_NAME = "$(TARGET_NAME)";
				TEST_TARGET_NAME = 46_APIWithTokenHomework;
				USES_XCTRUNNER = YES;
			};
			name = Release;
		};
/* End XCBuildConfiguration section */

/* Begin XCConfigurationList section */
		180404141C662A6000876FFE /* Build configuration list for PBXProject "46_APIWithTokenHomework" */ = {
			isa = XCConfigurationList;
			buildConfigurations = (
				180404441C662A6000876FFE /* Debug */,
				180404451C662A6000876FFE /* Release */,
			);
			defaultConfigurationIsVisible = 0;
			defaultConfigurationName = Release;
		};
		180404461C662A6000876FFE /* Build configuration list for PBXNativeTarget "46_APIWithTokenHomework" */ = {
			isa = XCConfigurationList;
			buildConfigurations = (
				180404471C662A6000876FFE /* Debug */,
				180404481C662A6000876FFE /* Release */,
			);
			defaultConfigurationIsVisible = 0;
			defaultConfigurationName = Release;
		};
		180404491C662A6000876FFE /* Build configuration list for PBXNativeTarget "46_APIWithTokenHomeworkTests" */ = {
			isa = XCConfigurationList;
			buildConfigurations = (
				1804044A1C662A6000876FFE /* Debug */,
				1804044B1C662A6000876FFE /* Release */,
			);
			defaultConfigurationIsVisible = 0;
			defaultConfigurationName = Release;
		};
		1804044C1C662A6000876FFE /* Build configuration list for PBXNativeTarget "46_APIWithTokenHomeworkUITests" */ = {
			isa = XCConfigurationList;
			buildConfigurations = (
				1804044D1C662A6000876FFE /* Debug */,
				1804044E1C662A6000876FFE /* Release */,
			);
			defaultConfigurationIsVisible = 0;
			defaultConfigurationName = Release;
		};
/* End XCConfigurationList section */
	};
	rootObject = 180404111C662A6000876FFE /* Project object */;
}
