// !$*UTF8*$!
{
	archiveVersion = 1;
	classes = {
	};
	objectVersion = 46;
	objects = {

/* Begin PBXBuildFile section */
		1804041E1C662A6000876FFE /* main.m in Sources */ = {isa = PBXBuildFile; fileRef = 1804041D1C662A6000876FFE /* main.m */; };
		180404211C662A6000876FFE /* AppDelegate.m in Sources */ = {isa = PBXBuildFile; fileRef = 180404201C662A6000876FFE /* AppDelegate.m */; };
		180404241C662A6000876FFE /* ViewController.m in Sources */ = {isa = PBXBuildFile; fileRef = 180404231C662A6000876FFE /* ViewController.m */; };
		180404271C662A6000876FFE /* Main.storyboard in Resources */ = {isa = PBXBuildFile; fileRef = 180404251C662A6000876FFE /* Main.storyboard */; };
		180404291C662A6000876FFE /* Assets.xcassets in Resources */ = {isa = PBXBuildFile; fileRef = 180404281C662A6000876FFE /* Assets.xcassets */; };
		1804042C1C662A6000876FFE /* LaunchScreen.storyboard in Resources */ = {isa = PBXBuildFile; fileRef = 1804042A1C662A6000876FFE /* LaunchScreen.storyboard */; };
		180404371C662A6000876FFE /* _6_APIWithTokenHomeworkTests.m in Sources */ = {isa = PBXBuildFile; fileRef = 180404361C662A6000876FFE /* _6_APIWithTokenHomeworkTests.m */; };
		180404421C662A6000876FFE /* _6_APIWithTokenHomeworkUITests.m in Sources */ = {isa = PBXBuildFile; fileRef = 180404411C662A6000876FFE /* _6_APIWithTokenHomeworkUITests.m */; };
		180404761C662D2000876FFE /* AFHTTPRequestOperation.m in Sources */ = {isa = PBXBuildFile; fileRef = 180404521C662D2000876FFE /* AFHTTPRequestOperation.m */; };
		180404771C662D2000876FFE /* AFHTTPRequestOperationManager.m in Sources */ = {isa = PBXBuildFile; fileRef = 180404541C662D2000876FFE /* AFHTTPRequestOperationManager.m */; };
		180404781C662D2000876FFE /* AFHTTPSessionManager.m in Sources */ = {isa = PBXBuildFile; fileRef = 180404561C662D2000876FFE /* AFHTTPSessionManager.m */; };
		180404791C662D2000876FFE /* AFNetworkReachabilityManager.m in Sources */ = {isa = PBXBuildFile; fileRef = 180404591C662D2000876FFE /* AFNetworkReachabilityManager.m */; };
		1804047A1C662D2000876FFE /* AFSecurityPolicy.m in Sources */ = {isa = PBXBuildFile; fileRef = 1804045B1C662D2000876FFE /* AFSecurityPolicy.m */; };
		1804047B1C662D2000876FFE /* AFURLConnectionOperation.m in Sources */ = {isa = PBXBuildFile; fileRef = 1804045D1C662D2000876FFE /* AFURLConnectionOperation.m */; };
		1804047C1C662D2000876FFE /* AFURLRequestSerialization.m in Sources */ = {isa = PBXBuildFile; fileRef = 1804045F1C662D2000876FFE /* AFURLRequestSerialization.m */; };
		1804047D1C662D2000876FFE /* AFURLResponseSerialization.m in Sources */ = {isa = PBXBuildFile; fileRef = 180404611C662D2000876FFE /* AFURLResponseSerialization.m */; };
		1804047E1C662D2000876FFE /* AFURLSessionManager.m in Sources */ = {isa = PBXBuildFile; fileRef = 180404631C662D2000876FFE /* AFURLSessionManager.m */; };
		1804047F1C662D2000876FFE /* AFNetworkActivityIndicatorManager.m in Sources */ = {isa = PBXBuildFile; fileRef = 180404661C662D2000876FFE /* AFNetworkActivityIndicatorManager.m */; };
		180404801C662D2000876FFE /* UIActivityIndicatorView+AFNetworking.m in Sources */ = {isa = PBXBuildFile; fileRef = 180404681C662D2000876FFE /* UIActivityIndicatorView+AFNetworking.m */; };
		180404811C662D2000876FFE /* UIAlertView+AFNetworking.m in Sources */ = {isa = PBXBuildFile; fileRef = 1804046A1C662D2000876FFE /* UIAlertView+AFNetworking.m */; };
		180404821C662D2000876FFE /* UIButton+AFNetworking.m in Sources */ = {isa = PBXBuildFile; fileRef = 1804046C1C662D2000876FFE /* UIButton+AFNetworking.m */; };
		180404831C662D2000876FFE /* UIImageView+AFNetworking.m in Sources */ = {isa = PBXBuildFile; fileRef = 1804046E1C662D2000876FFE /* UIImageView+AFNetworking.m */; };
		180404841C662D2000876FFE /* UIProgressView+AFNetworking.m in Sources */ = {isa = PBXBuildFile; fileRef = 180404711C662D2000876FFE /* UIProgressView+AFNetworking.m */; };
		180404851C662D2000876FFE /* UIRefreshControl+AFNetworking.m in Sources */ = {isa = PBXBuildFile; fileRef = 180404731C662D2000876FFE /* UIRefreshControl+AFNetworking.m */; };
		180404861C662D2000876FFE /* UIWebView+AFNetworking.m in Sources */ = {isa = PBXBuildFile; fileRef = 180404751C662D2000876FFE /* UIWebView+AFNetworking.m */; };
		180404891C662DE600876FFE /* ANServerManager.m in Sources */ = {isa = PBXBuildFile; fileRef = 180404881C662DE600876FFE /* ANServerManager.m */; };
		1804048C1C662F2C00876FFE /* ANServerObject.m in Sources */ = {isa = PBXBuildFile; fileRef = 1804048B1C662F2C00876FFE /* ANServerObject.m */; };
		180404901C662F5800876FFE /* ANUser.m in Sources */ = {isa = PBXBuildFile; fileRef = 1804048F1C662F5800876FFE /* ANUser.m */; };
		180404961C66300200876FFE /* ANLoginViewController.m in Sources */ = {isa = PBXBuildFile; fileRef = 180404951C66300200876FFE /* ANLoginViewController.m */; };
		1804049A1C66309100876FFE /* ANAccessToken.m in Sources */ = {isa = PBXBuildFile; fileRef = 180404991C66309100876FFE /* ANAccessToken.m */; };
		1804049D1C6630D000876FFE /* ANPost.m in Sources */ = {isa = PBXBuildFile; fileRef = 1804049C1C6630D000876FFE /* ANPost.m */; };
		184818381C68B050005B4F1D /* ANGroup.m in Sources */ = {isa = PBXBuildFile; fileRef = 184818371C68B050005B4F1D /* ANGroup.m */; };
		18B1CF6D1C68E635008610CA /* ANAddPostViewController.m in Sources */ = {isa = PBXBuildFile; fileRef = 18B1CF6C1C68E635008610CA /* ANAddPostViewController.m */; };
		18D84FAB1C67540D0090BF78 /* ANPostCell.m in Sources */ = {isa = PBXBuildFile; fileRef = 18D84FAA1C67540D0090BF78 /* ANPostCell.m */; };
		18E8D85A1C68896400C1204F /* ANPhoto.m in Sources */ = {isa = PBXBuildFile; fileRef = 18E8D8591C68896400C1204F /* ANPhoto.m */; };
/* End PBXBuildFile section */

/* Begin PBXContainerItemProxy section */
		180404331C662A6000876FFE /* PBXContainerItemProxy */ = {
			isa = PBXContainerItemProxy;
			containerPortal = 180404111C662A6000876FFE /* Project object */;
			proxyType = 1;
			remoteGlobalIDString = 180404181C662A6000876FFE;
			remoteInfo = 46_APIWithTokenHomework;
		};
		1804043E1C662A6000876FFE /* PBXContainerItemProxy */ = {
			isa = PBXContainerItemProxy;
			containerPortal = 180404111C662A6000876FFE /* Project object */;
			proxyType = 1;
			remoteGlobalIDString = 180404181C662A6000876FFE;
			remoteInfo = 46_APIWithTokenHomework;
		};
/* End PBXContainerItemProxy section */

/* Begin PBXFileReference section */
		180404191C662A6000876FFE /* 46_APIWithTokenHomework.app */ = {isa = PBXFileReference; explicitFileType = wrapper.application; includeInIndex = 0; path = 46_APIWithTokenHomework.app; sourceTree = BUILT_PRODUCTS_DIR; };
		1804041D1C662A6000876FFE /* main.m */ = {isa = PBXFileReference; lastKnownFileType = sourcecode.c.objc; path = main.m; sourceTree = "<group>"; };
		1804041F1C662A6000876FFE /* AppDelegate.h */ = {isa = PBXFileReference; lastKnownFileType = sourcecode.c.h; path = AppDelegate.h; sourceTree = "<group>"; };
		180404201C662A6000876FFE /* AppDelegate.m */ = {isa = PBXFileReference; lastKnownFileType = sourcecode.c.objc; path = AppDelegate.m; sourceTree = "<group>"; };
		180404221C662A6000876FFE /* ViewController.h */ = {isa = PBXFileReference; lastKnownFileType = sourcecode.c.h; path = ViewController.h; sourceTree = "<group>"; };
		180404231C662A6000876FFE /* ViewController.m */ = {isa = PBXFileReference; lastKnownFileType = sourcecode.c.objc; path = ViewController.m; sourceTree = "<group>"; };
		180404261C662A6000876FFE /* Base */ = {isa = PBXFileReference; lastKnownFileType = file.storyboard; name = Base; path = Base.lproj/Main.storyboard; sourceTree = "<group>"; };
		180404281C662A6000876FFE /* Assets.xcassets */ = {isa = PBXFileReference; lastKnownFileType = folder.assetcatalog; path = Assets.xcassets; sourceTree = "<group>"; };
		1804042B1C662A6000876FFE /* Base */ = {isa = PBXFileReference; lastKnownFileType = file.storyboard; name = Base; path = Base.lproj/LaunchScreen.storyboard; sourceTree = "<group>"; };
		1804042D1C662A6000876FFE /* Info.plist */ = {isa = PBXFileReference; lastKnownFileType = text.plist.xml; path = Info.plist; sourceTree = "<group>"; };
		180404321C662A6000876FFE /* 46_APIWithTokenHomeworkTests.xctest */ = {isa = PBXFileReference; explicitFileType = wrapper.cfbundle; includeInIndex = 0; path = 46_APIWithTokenHomeworkTests.xctest; sourceTree = BUILT_PRODUCTS_DIR; };
		180404361C662A6000876FFE /* _6_APIWithTokenHomeworkTests.m */ = {isa = PBXFileReference; lastKnownFileType = sourcecode.c.objc; path = _6_APIWithTokenHomeworkTests.m; sourceTree = "<group>"; };
		180404381C662A6000876FFE /* Info.plist */ = {isa = PBXFileReference; lastKnownFileType = text.plist.xml; path = Info.plist; sourceTree = "<group>"; };
		1804043D1C662A6000876FFE /* 46_APIWithTokenHomeworkUITests.xctest */ = {isa = PBXFileReference; explicitFileType = wrapper.cfbundle; includeInIndex = 0; path = 46_APIWithTokenHomeworkUITests.xctest; sourceTree = BUILT_PRODUCTS_DIR; };
		180404411C662A6000876FFE /* _6_APIWithTokenHomeworkUITests.m */ = {isa = PBXFileReference; lastKnownFileType = sourcecode.c.objc; path = _6_APIWithTokenHomeworkUITests.m; sourceTree = "<group>"; };
		180404431C662A6000876FFE /* Info.plist */ = {isa = PBXFileReference; lastKnownFileType = text.plist.xml; path = Info.plist; sourceTree = "<group>"; };
		180404511C662D2000876FFE /* AFHTTPRequestOperation.h */ = {isa = PBXFileReference; fileEncoding = 4; lastKnownFileType = sourcecode.c.h; path = AFHTTPRequestOperation.h; sourceTree = "<group>"; };
		180404521C662D2000876FFE /* AFHTTPRequestOperation.m */ = {isa = PBXFileReference; fileEncoding = 4; lastKnownFileType = sourcecode.c.objc; path = AFHTTPRequestOperation.m; sourceTree = "<group>"; };
		180404531C662D2000876FFE /* AFHTTPRequestOperationManager.h */ = {isa = PBXFileReference; fileEncoding = 4; lastKnownFileType = sourcecode.c.h; path = AFHTTPRequestOperationManager.h; sourceTree = "<group>"; };
		180404541C662D2000876FFE /* AFHTTPRequestOperationManager.m */ = {isa = PBXFileReference; fileEncoding = 4; lastKnownFileType = sourcecode.c.objc; path = AFHTTPRequestOperationManager.m; sourceTree = "<group>"; };
		180404551C662D2000876FFE /* AFHTTPSessionManager.h */ = {isa = PBXFileReference; fileEncoding = 4; lastKnownFileType = sourcecode.c.h; path = AFHTTPSessionManager.h; sourceTree = "<group>"; };
		180404561C662D2000876FFE /* AFHTTPSessionManager.m */ = {isa = PBXFileReference; fileEncoding = 4; lastKnownFileType = sourcecode.c.objc; path = AFHTTPSessionManager.m; sourceTree = "<group>"; };
		180404571C662D2000876FFE /* AFNetworking.h */ = {isa = PBXFileReference; fileEncoding = 4; lastKnownFileType = sourcecode.c.h; path = AFNetworking.h; sourceTree = "<group>"; };
		180404581C662D2000876FFE /* AFNetworkReachabilityManager.h */ = {isa = PBXFileReference; fileEncoding = 4; lastKnownFileType = sourcecode.c.h; path = AFNetworkReachabilityManager.h; sourceTree = "<group>"; };
		180404591C662D2000876FFE /* AFNetworkReachabilityManager.m */ = {isa = PBXFileReference; fileEncoding = 4; lastKnownFileType = sourcecode.c.objc; path = AFNetworkReachabilityManager.m; sourceTree = "<group>"; };
		1804045A1C662D2000876FFE /* AFSecurityPolicy.h */ = {isa = PBXFileReference; fileEncoding = 4; lastKnownFileType = sourcecode.c.h; path = AFSecurityPolicy.h; sourceTree = "<group>"; };
		1804045B1C662D2000876FFE /* AFSecurityPolicy.m */ = {isa = PBXFileReference; fileEncoding = 4; lastKnownFileType = sourcecode.c.objc; path = AFSecurityPolicy.m; sourceTree = "<group>"; };
		1804045C1C662D2000876FFE /* AFURLConnectionOperation.h */ = {isa = PBXFileReference; fileEncoding = 4; lastKnownFileType = sourcecode.c.h; path = AFURLConnectionOperation.h; sourceTree = "<group>"; };
		1804045D1C662D2000876FFE /* AFURLConnectionOperation.m */ = {isa = PBXFileReference; fileEncoding = 4; lastKnownFileType = sourcecode.c.objc; path = AFURLConnectionOperation.m; sourceTree = "<group>"; };
		1804045E1C662D2000876FFE /* AFURLRequestSerialization.h */ = {isa = PBXFileReference; fileEncoding = 4; lastKnownFileType = sourcecode.c.h; path = AFURLRequestSerialization.h; sourceTree = "<group>"; };
		1804045F1C662D2000876FFE /* AFURLRequestSerialization.m */ = {isa = PBXFileReference; fileEncoding = 4; lastKnownFileType = sourcecode.c.objc; path = AFURLRequestSerialization.m; sourceTree = "<group>"; };
		180404601C662D2000876FFE /* AFURLResponseSerialization.h */ = {isa = PBXFileReference; fileEncoding = 4; lastKnownFileType = sourcecode.c.h; path = AFURLResponseSerialization.h; sourceTree = "<group>"; };
		180404611C662D2000876FFE /* AFURLResponseSerialization.m */ = {isa = PBXFileReference; fileEncoding = 4; lastKnownFileType = sourcecode.c.objc; path = AFURLResponseSerialization.m; sourceTree = "<group>"; };
		180404621C662D2000876FFE /* AFURLSessionManager.h */ = {isa = PBXFileReference; fileEncoding = 4; lastKnownFileType = sourcecode.c.h; path = AFURLSessionManager.h; sourceTree = "<group>"; };
		180404631C662D2000876FFE /* AFURLSessionManager.m */ = {isa = PBXFileReference; fileEncoding = 4; lastKnownFileType = sourcecode.c.objc; path = AFURLSessionManager.m; sourceTree = "<group>"; };
		180404651C662D2000876FFE /* AFNetworkActivityIndicatorManager.h */ = {isa = PBXFileReference; fileEncoding = 4; lastKnownFileType = sourcecode.c.h; path = AFNetworkActivityIndicatorManager.h; sourceTree = "<group>"; };
		180404661C662D2000876FFE /* AFNetworkActivityIndicatorManager.m */ = {isa = PBXFileReference; fileEncoding = 4; lastKnownFileType = sourcecode.c.objc; path = AFNetworkActivityIndicatorManager.m; sourceTree = "<group>"; };
		180404671C662D2000876FFE /* UIActivityIndicatorView+AFNetworking.h */ = {isa = PBXFileReference; fileEncoding = 4; lastKnownFileType = sourcecode.c.h; path = "UIActivityIndicatorView+AFNetworking.h"; sourceTree = "<group>"; };
		180404681C662D2000876FFE /* UIActivityIndicatorView+AFNetworking.m */ = {isa = PBXFileReference; fileEncoding = 4; lastKnownFileType = sourcecode.c.objc; path = "UIActivityIndicatorView+AFNetworking.m"; sourceTree = "<group>"; };
		180404691C662D2000876FFE /* UIAlertView+AFNetworking.h */ = {isa = PBXFileReference; fileEncoding = 4; lastKnownFileType = sourcecode.c.h; path = "UIAlertView+AFNetworking.h"; sourceTree = "<group>"; };
		1804046A1C662D2000876FFE /* UIAlertView+AFNetworking.m */ = {isa = PBXFileReference; fileEncoding = 4; lastKnownFileType = sourcecode.c.objc; path = "UIAlertView+AFNetworking.m"; sourceTree = "<group>"; };
		1804046B1C662D2000876FFE /* UIButton+AFNetworking.h */ = {isa = PBXFileReference; fileEncoding = 4; lastKnownFileType = sourcecode.c.h; path = "UIButton+AFNetworking.h"; sourceTree = "<group>"; };
		1804046C1C662D2000876FFE /* UIButton+AFNetworking.m */ = {isa = PBXFileReference; fileEncoding = 4; lastKnownFileType = sourcecode.c.objc; path = "UIButton+AFNetworking.m"; sourceTree = "<group>"; };
		1804046D1C662D2000876FFE /* UIImageView+AFNetworking.h */ = {isa = PBXFileReference; fileEncoding = 4; lastKnownFileType = sourcecode.c.h; path = "UIImageView+AFNetworking.h"; sourceTree = "<group>"; };
		1804046E1C662D2000876FFE /* UIImageView+AFNetworking.m */ = {isa = PBXFileReference; fileEncoding = 4; lastKnownFileType = sourcecode.c.objc; path = "UIImageView+AFNetworking.m"; sourceTree = "<group>"; };
		1804046F1C662D2000876FFE /* UIKit+AFNetworking.h */ = {isa = PBXFileReference; fileEncoding = 4; lastKnownFileType = sourcecode.c.h; path = "UIKit+AFNetworking.h"; sourceTree = "<group>"; };
		180404701C662D2000876FFE /* UIProgressView+AFNetworking.h */ = {isa = PBXFileReference; fileEncoding = 4; lastKnownFileType = sourcecode.c.h; path = "UIProgressView+AFNetworking.h"; sourceTree = "<group>"; };
		180404711C662D2000876FFE /* UIProgressView+AFNetworking.m */ = {isa = PBXFileReference; fileEncoding = 4; lastKnownFileType = sourcecode.c.objc; path = "UIProgressView+AFNetworking.m"; sourceTree = "<group>"; };
		180404721C662D2000876FFE /* UIRefreshControl+AFNetworking.h */ = {isa = PBXFileReference; fileEncoding = 4; lastKnownFileType = sourcecode.c.h; path = "UIRefreshControl+AFNetworking.h"; sourceTree = "<group>"; };
		180404731C662D2000876FFE /* UIRefreshControl+AFNetworking.m */ = {isa = PBXFileReference; fileEncoding = 4; lastKnownFileType = sourcecode.c.objc; path = "UIRefreshControl+AFNetworking.m"; sourceTree = "<group>"; };
		180404741C662D2000876FFE /* UIWebView+AFNetworking.h */ = {isa = PBXFileReference; fileEncoding = 4; lastKnownFileType = sourcecode.c.h; path = "UIWebView+AFNetworking.h"; sourceTree = "<group>"; };
		180404751C662D2000876FFE /* UIWebView+AFNetworking.m */ = {isa = PBXFileReference; fileEncoding = 4; lastKnownFileType = sourcecode.c.objc; path = "UIWebView+AFNetworking.m"; sourceTree = "<group>"; };
		180404871C662DE600876FFE /* ANServerManager.h */ = {isa = PBXFileReference; fileEncoding = 4; lastKnownFileType = sourcecode.c.h; path = ANServerManager.h; sourceTree = "<group>"; };
		180404881C662DE600876FFE /* ANServerManager.m */ = {isa = PBXFileReference; fileEncoding = 4; lastKnownFileType = sourcecode.c.objc; path = ANServerManager.m; sourceTree = "<group>"; };
		1804048A1C662F2C00876FFE /* ANServerObject.h */ = {isa = PBXFileReference; fileEncoding = 4; lastKnownFileType = sourcecode.c.h; path = ANServerObject.h; sourceTree = "<group>"; };
		1804048B1C662F2C00876FFE /* ANServerObject.m */ = {isa = PBXFileReference; fileEncoding = 4; lastKnownFileType = sourcecode.c.objc; path = ANServerObject.m; sourceTree = "<group>"; };
		1804048E1C662F5800876FFE /* ANUser.h */ = {isa = PBXFileReference; fileEncoding = 4; lastKnownFileType = sourcecode.c.h; path = ANUser.h; sourceTree = "<group>"; };
		1804048F1C662F5800876FFE /* ANUser.m */ = {isa = PBXFileReference; fileEncoding = 4; lastKnownFileType = sourcecode.c.objc; path = ANUser.m; sourceTree = "<group>"; };
		180404941C66300200876FFE /* ANLoginViewController.h */ = {isa = PBXFileReference; fileEncoding = 4; lastKnownFileType = sourcecode.c.h; path = ANLoginViewController.h; sourceTree = "<group>"; };
		180404951C66300200876FFE /* ANLoginViewController.m */ = {isa = PBXFileReference; fileEncoding = 4; lastKnownFileType = sourcecode.c.objc; path = ANLoginViewController.m; sourceTree = "<group>"; };
		180404981C66309100876FFE /* ANAccessToken.h */ = {isa = PBXFileReference; fileEncoding = 4; lastKnownFileType = sourcecode.c.h; path = ANAccessToken.h; sourceTree = "<group>"; };
		180404991C66309100876FFE /* ANAccessToken.m */ = {isa = PBXFileReference; fileEncoding = 4; lastKnownFileType = sourcecode.c.objc; path = ANAccessToken.m; sourceTree = "<group>"; };
		1804049B1C6630D000876FFE /* ANPost.h */ = {isa = PBXFileReference; fileEncoding = 4; lastKnownFileType = sourcecode.c.h; path = ANPost.h; sourceTree = "<group>"; };
		1804049C1C6630D000876FFE /* ANPost.m */ = {isa = PBXFileReference; fileEncoding = 4; lastKnownFileType = sourcecode.c.objc; path = ANPost.m; sourceTree = "<group>"; };
		184818361C68B050005B4F1D /* ANGroup.h */ = {isa = PBXFileReference; fileEncoding = 4; lastKnownFileType = sourcecode.c.h; path = ANGroup.h; sourceTree = "<group>"; };
		184818371C68B050005B4F1D /* ANGroup.m */ = {isa = PBXFileReference; fileEncoding = 4; lastKnownFileType = sourcecode.c.objc; path = ANGroup.m; sourceTree = "<group>"; };
		18B1CF6B1C68E635008610CA /* ANAddPostViewController.h */ = {isa = PBXFileReference; fileEncoding = 4; lastKnownFileType = sourcecode.c.h; path = ANAddPostViewController.h; sourceTree = "<group>"; };
		18B1CF6C1C68E635008610CA /* ANAddPostViewController.m */ = {isa = PBXFileReference; fileEncoding = 4; lastKnownFileType = sourcecode.c.objc; path = ANAddPostViewController.m; sourceTree = "<group>"; };
		18D84FA91C67540D0090BF78 /* ANPostCell.h */ = {isa = PBXFileReference; fileEncoding = 4; lastKnownFileType = sourcecode.c.h; path = ANPostCell.h; sourceTree = "<group>"; };
		18D84FAA1C67540D0090BF78 /* ANPostCell.m */ = {isa = PBXFileReference; fileEncoding = 4; lastKnownFileType = sourcecode.c.objc; path = ANPostCell.m; sourceTree = "<group>"; };
		18E8D8581C68896400C1204F /* ANPhoto.h */ = {isa = PBXFileReference; fileEncoding = 4; lastKnownFileType = sourcecode.c.h; path = ANPhoto.h; sourceTree = "<group>"; };
		18E8D8591C68896400C1204F /* ANPhoto.m */ = {isa = PBXFileReference; fileEncoding = 4; lastKnownFileType = sourcecode.c.objc; path = ANPhoto.m; sourceTree = "<group>"; };
/* End PBXFileReference section */

/* Begin PBXFrameworksBuildPhase section */
		180404161C662A6000876FFE /* Frameworks */ = {
			isa = PBXFrameworksBuildPhase;
			buildActionMask = 2147483647;
			files = (
			);
			runOnlyForDeploymentPostprocessing = 0;
		};
		1804042F1C662A6000876FFE /* Frameworks */ = {
			isa = PBXFrameworksBuildPhase;
			buildActionMask = 2147483647;
			files = (
			);
			runOnlyForDeploymentPostprocessing = 0;
		};
		1804043A1C662A6000876FFE /* Frameworks */ = {
			isa = PBXFrameworksBuildPhase;
			buildActionMask = 2147483647;
			files = (
			);
			runOnlyForDeploymentPostprocessing = 0;
		};
/* End PBXFrameworksBuildPhase section */

/* Begin PBXGroup section */
		180404101C662A6000876FFE = {
			isa = PBXGroup;
			children = (
				1804041B1C662A6000876FFE /* 46_APIWithTokenHomework */,
				180404351C662A6000876FFE /* 46_APIWithTokenHomeworkTests */,
				180404401C662A6000876FFE /* 46_APIWithTokenHomeworkUITests */,
				1804041A1C662A6000876FFE /* Products */,
				1804044F1C662D2000876FFE /* Libs */,
			);
			sourceTree = "<group>";
		};
		1804041A1C662A6000876FFE /* Products */ = {
			isa = PBXGroup;
			children = (
				180404191C662A6000876FFE /* 46_APIWithTokenHomework.app */,
				180404321C662A6000876FFE /* 46_APIWithTokenHomeworkTests.xctest */,
				1804043D1C662A6000876FFE /* 46_APIWithTokenHomeworkUITests.xctest */,
			);
			name = Products;
			sourceTree = "<group>";
		};
		1804041B1C662A6000876FFE /* 46_APIWithTokenHomework */ = {
			isa = PBXGroup;
			children = (
				1804048D1C662F3B00876FFE /* Models */,
				180404971C66305C00876FFE /* Controllers */,
				18D84FAC1C6754100090BF78 /* Cells */,
				1804041F1C662A6000876FFE /* AppDelegate.h */,
				180404201C662A6000876FFE /* AppDelegate.m */,
				180404871C662DE600876FFE /* ANServerManager.h */,
				180404881C662DE600876FFE /* ANServerManager.m */,
				180404251C662A6000876FFE /* Main.storyboard */,
				180404281C662A6000876FFE /* Assets.xcassets */,
				1804042A1C662A6000876FFE /* LaunchScreen.storyboard */,
				1804042D1C662A6000876FFE /* Info.plist */,
				1804041C1C662A6000876FFE /* Supporting Files */,
			);
			path = 46_APIWithTokenHomework;
			sourceTree = "<group>";
		};
		1804041C1C662A6000876FFE /* Supporting Files */ = {
			isa = PBXGroup;
			children = (
				1804041D1C662A6000876FFE /* main.m */,
			);
			name = "Supporting Files";
			sourceTree = "<group>";
		};
		180404351C662A6000876FFE /* 46_APIWithTokenHomeworkTests */ = {
			isa = PBXGroup;
			children = (
				180404361C662A6000876FFE /* _6_APIWithTokenHomeworkTests.m */,
				180404381C662A6000876FFE /* Info.plist */,
			);
			path = 46_APIWithTokenHomeworkTests;
			sourceTree = "<group>";
		};
		180404401C662A6000876FFE /* 46_APIWithTokenHomeworkUITests */ = {
			isa = PBXGroup;
			children = (
				180404411C662A6000876FFE /* _6_APIWithTokenHomeworkUITests.m */,
				180404431C662A6000876FFE /* Info.plist */,
			);
			path = 46_APIWithTokenHomeworkUITests;
			sourceTree = "<group>";
		};
		1804044F1C662D2000876FFE /* Libs */ = {
			isa = PBXGroup;
			children = (
				180404501C662D2000876FFE /* AFNetworking */,
				180404641C662D2000876FFE /* UIKit+AFNetworking */,
			);
			name = Libs;
			path = 46_APIWithTokenHomework/Libs;
			sourceTree = "<group>";
		};
		180404501C662D2000876FFE /* AFNetworking */ = {
			isa = PBXGroup;
			children = (
				180404511C662D2000876FFE /* AFHTTPRequestOperation.h */,
				180404521C662D2000876FFE /* AFHTTPRequestOperation.m */,
				180404531C662D2000876FFE /* AFHTTPRequestOperationManager.h */,
				180404541C662D2000876FFE /* AFHTTPRequestOperationManager.m */,
				180404551C662D2000876FFE /* AFHTTPSessionManager.h */,
				180404561C662D2000876FFE /* AFHTTPSessionManager.m */,
				180404571C662D2000876FFE /* AFNetworking.h */,
				180404581C662D2000876FFE /* AFNetworkReachabilityManager.h */,
				180404591C662D2000876FFE /* AFNetworkReachabilityManager.m */,
				1804045A1C662D2000876FFE /* AFSecurityPolicy.h */,
				1804045B1C662D2000876FFE /* AFSecurityPolicy.m */,
				1804045C1C662D2000876FFE /* AFURLConnectionOperation.h */,
				1804045D1C662D2000876FFE /* AFURLConnectionOperation.m */,
				1804045E1C662D2000876FFE /* AFURLRequestSerialization.h */,
				1804045F1C662D2000876FFE /* AFURLRequestSerialization.m */,
				180404601C662D2000876FFE /* AFURLResponseSerialization.h */,
				180404611C662D2000876FFE /* AFURLResponseSerialization.m */,
				180404621C662D2000876FFE /* AFURLSessionManager.h */,
				180404631C662D2000876FFE /* AFURLSessionManager.m */,
			);
			path = AFNetworking;
			sourceTree = "<group>";
		};
		180404641C662D2000876FFE /* UIKit+AFNetworking */ = {
			isa = PBXGroup;
			children = (
				180404651C662D2000876FFE /* AFNetworkActivityIndicatorManager.h */,
				180404661C662D2000876FFE /* AFNetworkActivityIndicatorManager.m */,
				180404671C662D2000876FFE /* UIActivityIndicatorView+AFNetworking.h */,
				180404681C662D2000876FFE /* UIActivityIndicatorView+AFNetworking.m */,
				180404691C662D2000876FFE /* UIAlertView+AFNetworking.h */,
				1804046A1C662D2000876FFE /* UIAlertView+AFNetworking.m */,
				1804046B1C662D2000876FFE /* UIButton+AFNetworking.h */,
				1804046C1C662D2000876FFE /* UIButton+AFNetworking.m */,
				1804046D1C662D2000876FFE /* UIImageView+AFNetworking.h */,
				1804046E1C662D2000876FFE /* UIImageView+AFNetworking.m */,
				1804046F1C662D2000876FFE /* UIKit+AFNetworking.h */,
				180404701C662D2000876FFE /* UIProgressView+AFNetworking.h */,
				180404711C662D2000876FFE /* UIProgressView+AFNetworking.m */,
				180404721C662D2000876FFE /* UIRefreshControl+AFNetworking.h */,
				180404731C662D2000876FFE /* UIRefreshControl+AFNetworking.m */,
				180404741C662D2000876FFE /* UIWebView+AFNetworking.h */,
				180404751C662D2000876FFE /* UIWebView+AFNetworking.m */,
			);
			path = "UIKit+AFNetworking";
			sourceTree = "<group>";
		};
		1804048D1C662F3B00876FFE /* Models */ = {
			isa = PBXGroup;
			children = (
				1804048A1C662F2C00876FFE /* ANServerObject.h */,
				1804048B1C662F2C00876FFE /* ANServerObject.m */,
				18E8D8581C68896400C1204F /* ANPhoto.h */,
				18E8D8591C68896400C1204F /* ANPhoto.m */,
				1804049B1C6630D000876FFE /* ANPost.h */,
				1804049C1C6630D000876FFE /* ANPost.m */,
				184818361C68B050005B4F1D /* ANGroup.h */,
				184818371C68B050005B4F1D /* ANGroup.m */,
				1804048E1C662F5800876FFE /* ANUser.h */,
				1804048F1C662F5800876FFE /* ANUser.m */,
				180404981C66309100876FFE /* ANAccessToken.h */,
				180404991C66309100876FFE /* ANAccessToken.m */,
			);
			name = Models;
			sourceTree = "<group>";
		};
		180404971C66305C00876FFE /* Controllers */ = {
			isa = PBXGroup;
			children = (
				18B1CF6B1C68E635008610CA /* ANAddPostViewController.h */,
				18B1CF6C1C68E635008610CA /* ANAddPostViewController.m */,
				180404941C66300200876FFE /* ANLoginViewController.h */,
				180404951C66300200876FFE /* ANLoginViewController.m */,
				180404221C662A6000876FFE /* ViewController.h */,
				180404231C662A6000876FFE /* ViewController.m */,
			);
			name = Controllers;
			sourceTree = "<group>";
		};
		18D84FAC1C6754100090BF78 /* Cells */ = {
			isa = PBXGroup;
			children = (
				18D84FA91C67540D0090BF78 /* ANPostCell.h */,
				18D84FAA1C67540D0090BF78 /* ANPostCell.m */,
			);
			name = Cells;
			sourceTree = "<group>";
		};
/* End PBXGroup section */

/* Begin PBXNativeTarget section */
		180404181C662A6000876FFE /* 46_APIWithTokenHomework */ = {
			isa = PBXNativeTarget;
			buildConfigurationList = 180404461C662A6000876FFE /* Build configuration list for PBXNativeTarget "46_APIWithTokenHomework" */;
			buildPhases = (
				180404151C662A6000876FFE /* Sources */,
				180404161C662A6000876FFE /* Frameworks */,
				180404171C662A6000876FFE /* Resources */,
			);
			buildRules = (
			);
			dependencies = (
			);
			name = 46_APIWithTokenHomework;
			productName = 46_APIWithTokenHomework;
			productReference = 180404191C662A6000876FFE /* 46_APIWithTokenHomework.app */;
			productType = "com.apple.product-type.application";
		};
		180404311C662A6000876FFE /* 46_APIWithTokenHomeworkTests */ = {
			isa = PBXNativeTarget;
			buildConfigurationList = 180404491C662A6000876FFE /* Build configuration list for PBXNativeTarget "46_APIWithTokenHomeworkTests" */;
			buildPhases = (
				1804042E1C662A6000876FFE /* Sources */,
				1804042F1C662A6000876FFE /* Frameworks */,
				180404301C662A6000876FFE /* Resources */,
			);
			buildRules = (
			);
			dependencies = (
				180404341C662A6000876FFE /* PBXTargetDependency */,
			);
			name = 46_APIWithTokenHomeworkTests;
			productName = 46_APIWithTokenHomeworkTests;
			productReference = 180404321C662A6000876FFE /* 46_APIWithTokenHomeworkTests.xctest */;
			productType = "com.apple.product-type.bundle.unit-test";
		};
		1804043C1C662A6000876FFE /* 46_APIWithTokenHomeworkUITests */ = {
			isa = PBXNativeTarget;
			buildConfigurationList = 1804044C1C662A6000876FFE /* Build configuration list for PBXNativeTarget "46_APIWithTokenHomeworkUITests" */;
			buildPhases = (
				180404391C662A6000876FFE /* Sources */,
				1804043A1C662A6000876FFE /* Frameworks */,
				1804043B1C662A6000876FFE /* Resources */,
			);
			buildRules = (
			);
			dependencies = (
				1804043F1C662A6000876FFE /* PBXTargetDependency */,
			);
			name = 46_APIWithTokenHomeworkUITests;
			productName = 46_APIWithTokenHomeworkUITests;
			productReference = 1804043D1C662A6000876FFE /* 46_APIWithTokenHomeworkUITests.xctest */;
			productType = "com.apple.product-type.bundle.ui-testing";
		};
/* End PBXNativeTarget section */

/* Begin PBXProject section */
		180404111C662A6000876FFE /* Project object */ = {
			isa = PBXProject;
			attributes = {
				LastUpgradeCheck = 0720;
				ORGANIZATIONNAME = "Anton Novoselov";
				TargetAttributes = {
					180404181C662A6000876FFE = {
						CreatedOnToolsVersion = 7.2.1;
						DevelopmentTeam = 358V8FBM3U;
					};
					180404311C662A6000876FFE = {
						CreatedOnToolsVersion = 7.2.1;
						DevelopmentTeam = 358V8FBM3U;
						TestTargetID = 180404181C662A6000876FFE;
					};
					1804043C1C662A6000876FFE = {
						CreatedOnToolsVersion = 7.2.1;
						DevelopmentTeam = 358V8FBM3U;
						TestTargetID = 180404181C662A6000876FFE;
					};
				};
			};
			buildConfigurationList = 180404141C662A6000876FFE /* Build configuration list for PBXProject "46_APIWithTokenHomework" */;
			compatibilityVersion = "Xcode 3.2";
			developmentRegion = English;
			hasScannedForEncodings = 0;
			knownRegions = (
				en,
				Base,
			);
			mainGroup = 180404101C662A6000876FFE;
			productRefGroup = 1804041A1C662A6000876FFE /* Products */;
			projectDirPath = "";
			projectRoot = "";
			targets = (
				180404181C662A6000876FFE /* 46_APIWithTokenHomework */,
				180404311C662A6000876FFE /* 46_APIWithTokenHomeworkTests */,
				1804043C1C662A6000876FFE /* 46_APIWithTokenHomeworkUITests */,
			);
		};
/* End PBXProject section */

/* Begin PBXResourcesBuildPhase section */
		180404171C662A6000876FFE /* Resources */ = {
			isa = PBXResourcesBuildPhase;
			buildActionMask = 2147483647;
			files = (
				1804042C1C662A6000876FFE /* LaunchScreen.storyboard in Resources */,
				180404291C662A6000876FFE /* Assets.xcassets in Resources */,
				180404271C662A6000876FFE /* Main.storyboard in Resources */,
			);
			runOnlyForDeploymentPostprocessing = 0;
		};
		180404301C662A6000876FFE /* Resources */ = {
			isa = PBXResourcesBuildPhase;
			buildActionMask = 2147483647;
			files = (
			);
			runOnlyForDeploymentPostprocessing = 0;
		};
		1804043B1C662A6000876FFE /* Resources */ = {
			isa = PBXResourcesBuildPhase;
			buildActionMask = 2147483647;
			files = (
			);
			runOnlyForDeploymentPostprocessing = 0;
		};
/* End PBXResourcesBuildPhase section */

/* Begin PBXSourcesBuildPhase section */
		180404151C662A6000876FFE /* Sources */ = {
			isa = PBXSourcesBuildPhase;
			buildActionMask = 2147483647;
			files = (
				1804049D1C6630D000876FFE /* ANPost.m in Sources */,
				180404761C662D2000876FFE /* AFHTTPRequestOperation.m in Sources */,
				180404961C66300200876FFE /* ANLoginViewController.m in Sources */,
				180404831C662D2000876FFE /* UIImageView+AFNetworking.m in Sources */,
				180404241C662A6000876FFE /* ViewController.m in Sources */,
				1804049A1C66309100876FFE /* ANAccessToken.m in Sources */,
				180404771C662D2000876FFE /* AFHTTPRequestOperationManager.m in Sources */,
				1804048C1C662F2C00876FFE /* ANServerObject.m in Sources */,
				180404841C662D2000876FFE /* UIProgressView+AFNetworking.m in Sources */,
				180404791C662D2000876FFE /* AFNetworkReachabilityManager.m in Sources */,
				1804047D1C662D2000876FFE /* AFURLResponseSerialization.m in Sources */,
				1804047B1C662D2000876FFE /* AFURLConnectionOperation.m in Sources */,
				180404821C662D2000876FFE /* UIButton+AFNetworking.m in Sources */,
				18D84FAB1C67540D0090BF78 /* ANPostCell.m in Sources */,
				180404801C662D2000876FFE /* UIActivityIndicatorView+AFNetworking.m in Sources */,
				1804047A1C662D2000876FFE /* AFSecurityPolicy.m in Sources */,
				180404851C662D2000876FFE /* UIRefreshControl+AFNetworking.m in Sources */,
				18E8D85A1C68896400C1204F /* ANPhoto.m in Sources */,
				180404861C662D2000876FFE /* UIWebView+AFNetworking.m in Sources */,
				18B1CF6D1C68E635008610CA /* ANAddPostViewController.m in Sources */,
				184818381C68B050005B4F1D /* ANGroup.m in Sources */,
				180404781C662D2000876FFE /* AFHTTPSessionManager.m in Sources */,
				180404811C662D2000876FFE /* UIAlertView+AFNetworking.m in Sources */,
				1804047C1C662D2000876FFE /* AFURLRequestSerialization.m in Sources */,
				180404891C662DE600876FFE /* ANServerManager.m in Sources */,
				1804047F1C662D2000876FFE /* AFNetworkActivityIndicatorManager.m in Sources */,
				1804047E1C662D2000876FFE /* AFURLSessionManager.m in Sources */,
				180404211C662A6000876FFE /* AppDelegate.m in Sources */,
				180404901C662F5800876FFE /* ANUser.m in Sources */,
				1804041E1C662A6000876FFE /* main.m in Sources */,
			);
			runOnlyForDeploymentPostprocessing = 0;
		};
		1804042E1C662A6000876FFE /* Sources */ = {
			isa = PBXSourcesBuildPhase;
			buildActionMask = 2147483647;
			files = (
				180404371C662A6000876FFE /* _6_APIWithTokenHomeworkTests.m in Sources */,
			);
			runOnlyForDeploymentPostprocessing = 0;
		};
		180404391C662A6000876FFE /* Sources */ = {
			isa = PBXSourcesBuildPhase;
			buildActionMask = 2147483647;
			files = (
				180404421C662A6000876FFE /* _6_APIWithTokenHomeworkUITests.m in Sources */,
			);
			runOnlyForDeploymentPostprocessing = 0;
		};
/* End PBXSourcesBuildPhase section */

/* Begin PBXTargetDependency section */
		180404341C662A6000876FFE /* PBXTargetDependency */ = {
			isa = PBXTargetDependency;
			target = 180404181C662A6000876FFE /* 46_APIWithTokenHomework */;
			targetProxy = 180404331C662A6000876FFE /* PBXContainerItemProxy */;
		};
		1804043F1C662A6000876FFE /* PBXTargetDependency */ = {
			isa = PBXTargetDependency;
			target = 180404181C662A6000876FFE /* 46_APIWithTokenHomework */;
			targetProxy = 1804043E1C662A6000876FFE /* PBXContainerItemProxy */;
		};
/* End PBXTargetDependency section */

/* Begin PBXVariantGroup section */
		180404251C662A6000876FFE /* Main.storyboard */ = {
			isa = PBXVariantGroup;
			children = (
				180404261C662A6000876FFE /* Base */,
			);
			name = Main.storyboard;
			sourceTree = "<group>";
		};
		1804042A1C662A6000876FFE /* LaunchScreen.storyboard */ = {
			isa = PBXVariantGroup;
			children = (
				1804042B1C662A6000876FFE /* Base */,
			);
			name = LaunchScreen.storyboard;
			sourceTree = "<group>";
		};
/* End PBXVariantGroup section */

/* Begin XCBuildConfiguration section */
		180404441C662A6000876FFE /* Debug */ = {
			isa = XCBuildConfiguration;
			buildSettings = {
				ALWAYS_SEARCH_USER_PATHS = NO;
				CLANG_CXX_LANGUAGE_STANDARD = "gnu++0x";
				CLANG_CXX_LIBRARY = "libc++";
				CLANG_ENABLE_MODULES = YES;
				CLANG_ENABLE_OBJC_ARC = YES;
				CLANG_WARN_BOOL_CONVERSION = YES;
				CLANG_WARN_CONSTANT_CONVERSION = YES;
				CLANG_WARN_DIRECT_OBJC_ISA_USAGE = YES_ERROR;
				CLANG_WARN_EMPTY_BODY = YES;
				CLANG_WARN_ENUM_CONVERSION = YES;
				CLANG_WARN_INT_CONVERSION = YES;
				CLANG_WARN_OBJC_ROOT_CLASS = YES_ERROR;
				CLANG_WARN_UNREACHABLE_CODE = YES;
				CLANG_WARN__DUPLICATE_METHOD_MATCH = YES;
				"CODE_SIGN_IDENTITY[sdk=iphoneos*]" = "iPhone Developer";
				COPY_PHASE_STRIP = NO;
				DEBUG_INFORMATION_FORMAT = dwarf;
				ENABLE_STRICT_OBJC_MSGSEND = YES;
				ENABLE_TESTABILITY = YES;
				GCC_C_LANGUAGE_STANDARD = gnu99;
				GCC_DYNAMIC_NO_PIC = NO;
				GCC_NO_COMMON_BLOCKS = YES;
				GCC_OPTIMIZATION_LEVEL = 0;
				GCC_PREPROCESSOR_DEFINITIONS = (
					"DEBUG=1",
					"$(inherited)",
				);
				GCC_WARN_64_TO_32_BIT_CONVERSION = YES;
				GCC_WARN_ABOUT_RETURN_TYPE = YES_ERROR;
				GCC_WARN_UNDECLARED_SELECTOR = YES;
				GCC_WARN_UNINITIALIZED_AUTOS = YES_AGGRESSIVE;
				GCC_WARN_UNUSED_FUNCTION = YES;
				GCC_WARN_UNUSED_VARIABLE = YES;
				IPHONEOS_DEPLOYMENT_TARGET = 9.2;
				MTL_ENABLE_DEBUG_INFO = YES;
				ONLY_ACTIVE_ARCH = YES;
				SDKROOT = iphoneos;
			};
			name = Debug;
		};
		180404451C662A6000876FFE /* Release */ = {
			isa = XCBuildConfiguration;
			buildSettings = {
				ALWAYS_SEARCH_USER_PATHS = NO;
				CLANG_CXX_LANGUAGE_STANDARD = "gnu++0x";
				CLANG_CXX_LIBRARY = "libc++";
				CLANG_ENABLE_MODULES = YES;
				CLANG_ENABLE_OBJC_ARC = YES;
				CLANG_WARN_BOOL_CONVERSION = YES;
				CLANG_WARN_CONSTANT_CONVERSION = YES;
				CLANG_WARN_DIRECT_OBJC_ISA_USAGE = YES_ERROR;
				CLANG_WARN_EMPTY_BODY = YES;
				CLANG_WARN_ENUM_CONVERSION = YES;
				CLANG_WARN_INT_CONVERSION = YES;
				CLANG_WARN_OBJC_ROOT_CLASS = YES_ERROR;
				CLANG_WARN_UNREACHABLE_CODE = YES;
				CLANG_WARN__DUPLICATE_METHOD_MATCH = YES;
				"CODE_SIGN_IDENTITY[sdk=iphoneos*]" = "iPhone Developer";
				COPY_PHASE_STRIP = NO;
				DEBUG_INFORMATION_FORMAT = "dwarf-with-dsym";
				ENABLE_NS_ASSERTIONS = NO;
				ENABLE_STRICT_OBJC_MSGSEND = YES;
				GCC_C_LANGUAGE_STANDARD = gnu99;
				GCC_NO_COMMON_BLOCKS = YES;
				GCC_WARN_64_TO_32_BIT_CONVERSION = YES;
				GCC_WARN_ABOUT_RETURN_TYPE = YES_ERROR;
				GCC_WARN_UNDECLARED_SELECTOR = YES;
				GCC_WARN_UNINITIALIZED_AUTOS = YES_AGGRESSIVE;
				GCC_WARN_UNUSED_FUNCTION = YES;
				GCC_WARN_UNUSED_VARIABLE = YES;
				IPHONEOS_DEPLOYMENT_TARGET = 9.2;
				MTL_ENABLE_DEBUG_INFO = NO;
				SDKROOT = iphoneos;
				VALIDATE_PRODUCT = YES;
			};
			name = Release;
		};
		180404471C662A6000876FFE /* Debug */ = {
			isa = XCBuildConfiguration;
			buildSettings = {
				ASSETCATALOG_COMPILER_APPICON_NAME = AppIcon;
				INFOPLIST_FILE = 46_APIWithTokenHomework/Info.plist;
				LD_RUNPATH_SEARCH_PATHS = "$(inherited) @executable_path/Frameworks";
				PRODUCT_BUNDLE_IDENTIFIER = "com.antonnovoselov.-6-APIWithTokenHomework";
				PRODUCT_NAME = "$(TARGET_NAME)";
			};
			name = Debug;
		};
		180404481C662A6000876FFE /* Release */ = {
			isa = XCBuildConfiguration;
			buildSettings = {
				ASSETCATALOG_COMPILER_APPICON_NAME = AppIcon;
				INFOPLIST_FILE = 46_APIWithTokenHomework/Info.plist;
				LD_RUNPATH_SEARCH_PATHS = "$(inherited) @executable_path/Frameworks";
				PRODUCT_BUNDLE_IDENTIFIER = "com.antonnovoselov.-6-APIWithTokenHomework";
				PRODUCT_NAME = "$(TARGET_NAME)";
			};
			name = Release;
		};
		1804044A1C662A6000876FFE /* Debug */ = {
			isa = XCBuildConfiguration;
			buildSettings = {
				BUNDLE_LOADER = "$(TEST_HOST)";
				INFOPLIST_FILE = 46_APIWithTokenHomeworkTests/Info.plist;
				LD_RUNPATH_SEARCH_PATHS = "$(inherited) @executable_path/Frameworks @loader_path/Frameworks";
				PRODUCT_BUNDLE_IDENTIFIER = "com.antonnovoselov.-6-APIWithTokenHomeworkTests";
				PRODUCT_NAME = "$(TARGET_NAME)";
				TEST_HOST = "$(BUILT_PRODUCTS_DIR)/46_APIWithTokenHomework.app/46_APIWithTokenHomework";
			};
			name = Debug;
		};
		1804044B1C662A6000876FFE /* Release */ = {
			isa = XCBuildConfiguration;
			buildSettings = {
				BUNDLE_LOADER = "$(TEST_HOST)";
				INFOPLIST_FILE = 46_APIWithTokenHomeworkTests/Info.plist;
				LD_RUNPATH_SEARCH_PATHS = "$(inherited) @executable_path/Frameworks @loader_path/Frameworks";
				PRODUCT_BUNDLE_IDENTIFIER = "com.antonnovoselov.-6-APIWithTokenHomeworkTests";
				PRODUCT_NAME = "$(TARGET_NAME)";
				TEST_HOST = "$(BUILT_PRODUCTS_DIR)/46_APIWithTokenHomework.app/46_APIWithTokenHomework";
			};
			name = Release;
		};
		1804044D1C662A6000876FFE /* Debug */ = {
			isa = XCBuildConfiguration;
			buildSettings = {
				INFOPLIST_FILE = 46_APIWithTokenHomeworkUITests/Info.plist;
				LD_RUNPATH_SEARCH_PATHS = "$(inherited) @executable_path/Frameworks @loader_path/Frameworks";
				PRODUCT_BUNDLE_IDENTIFIER = "com.antonnovoselov.-6-APIWithTokenHomeworkUITests";
				PRODUCT_NAME = "$(TARGET_NAME)";
				TEST_TARGET_NAME = 46_APIWithTokenHomework;
				USES_XCTRUNNER = YES;
			};
			name = Debug;
		};
		1804044E1C662A6000876FFE /* Release */ = {
			isa = XCBuildConfiguration;
			buildSettings = {
				INFOPLIST_FILE = 46_APIWithTokenHomeworkUITests/Info.plist;
				LD_RUNPATH_SEARCH_PATHS = "$(inherited) @executable_path/Frameworks @loader_path/Frameworks";
				PRODUCT_BUNDLE_IDENTIFIER = "com.antonnovoselov.-6-APIWithTokenHomeworkUITests";
				PRODUCT_NAME = "$(TARGET_NAME)";
				TEST_TARGET_NAME = 46_APIWithTokenHomework;
				USES_XCTRUNNER = YES;
			};
			name = Release;
		};
/* End XCBuildConfiguration section */

/* Begin XCConfigurationList section */
		180404141C662A6000876FFE /* Build configuration list for PBXProject "46_APIWithTokenHomework" */ = {
			isa = XCConfigurationList;
			buildConfigurations = (
				180404441C662A6000876FFE /* Debug */,
				180404451C662A6000876FFE /* Release */,
			);
			defaultConfigurationIsVisible = 0;
			defaultConfigurationName = Release;
		};
		180404461C662A6000876FFE /* Build configuration list for PBXNativeTarget "46_APIWithTokenHomework" */ = {
			isa = XCConfigurationList;
			buildConfigurations = (
				180404471C662A6000876FFE /* Debug */,
				180404481C662A6000876FFE /* Release */,
			);
			defaultConfigurationIsVisible = 0;
			defaultConfigurationName = Release;
		};
		180404491C662A6000876FFE /* Build configuration list for PBXNativeTarget "46_APIWithTokenHomeworkTests" */ = {
			isa = XCConfigurationList;
			buildConfigurations = (
				1804044A1C662A6000876FFE /* Debug */,
				1804044B1C662A6000876FFE /* Release */,
			);
			defaultConfigurationIsVisible = 0;
			defaultConfigurationName = Release;
		};
		1804044C1C662A6000876FFE /* Build configuration list for PBXNativeTarget "46_APIWithTokenHomeworkUITests" */ = {
			isa = XCConfigurationList;
			buildConfigurations = (
				1804044D1C662A6000876FFE /* Debug */,
				1804044E1C662A6000876FFE /* Release */,
			);
			defaultConfigurationIsVisible = 0;
			defaultConfigurationName = Release;
		};
/* End XCConfigurationList section */
	};
	rootObject = 180404111C662A6000876FFE /* Project object */;
}
